// !$*UTF8*$!
{
	archiveVersion = 1;
	classes = {
	};
	objectVersion = 46;
	objects = {

/* Begin PBXBuildFile section */
		D204F1B11ECC393900D470ED /* NSFont+ZHYAttributes.h in Headers */ = {isa = PBXBuildFile; fileRef = D204F1AF1ECC393900D470ED /* NSFont+ZHYAttributes.h */; };
		D204F1B21ECC393900D470ED /* NSFont+ZHYAttributes.m in Sources */ = {isa = PBXBuildFile; fileRef = D204F1B01ECC393900D470ED /* NSFont+ZHYAttributes.m */; };
		D204F1B51ECC3B1900D470ED /* UIFont+ZHYAttributes.h in Headers */ = {isa = PBXBuildFile; fileRef = D204F1B31ECC3B1900D470ED /* UIFont+ZHYAttributes.h */; };
		D204F1B61ECC3B1900D470ED /* UIFont+ZHYAttributes.m in Sources */ = {isa = PBXBuildFile; fileRef = D204F1B41ECC3B1900D470ED /* UIFont+ZHYAttributes.m */; };
		D266DC6D20464FE5009CB1AE /* ZHYResourceContainer.h in Headers */ = {isa = PBXBuildFile; fileRef = D266DC6B20464FE5009CB1AE /* ZHYResourceContainer.h */; };
		D266DC6E20464FE5009CB1AE /* ZHYResourceContainer.m in Sources */ = {isa = PBXBuildFile; fileRef = D266DC6C20464FE5009CB1AE /* ZHYResourceContainer.m */; };
		D266DC6F20464FF4009CB1AE /* ZHYResourceContainer.h in Headers */ = {isa = PBXBuildFile; fileRef = D266DC6B20464FE5009CB1AE /* ZHYResourceContainer.h */; };
		D266DC7020464FF6009CB1AE /* ZHYResourceContainer.m in Sources */ = {isa = PBXBuildFile; fileRef = D266DC6C20464FE5009CB1AE /* ZHYResourceContainer.m */; };
		D284C6C71EC5956D00FB15CB /* ZHYResourceWrapper.h in Headers */ = {isa = PBXBuildFile; fileRef = D284C6C51EC5956D00FB15CB /* ZHYResourceWrapper.h */; };
		D284C6C81EC5956D00FB15CB /* ZHYResourceWrapper.m in Sources */ = {isa = PBXBuildFile; fileRef = D284C6C61EC5956D00FB15CB /* ZHYResourceWrapper.m */; };
		D284C6CA1EC5959700FB15CB /* ZHYResourceWrapper.m in Sources */ = {isa = PBXBuildFile; fileRef = D284C6C61EC5956D00FB15CB /* ZHYResourceWrapper.m */; };
		D284C6CB1EC5959A00FB15CB /* ZHYResourceWrapper.h in Headers */ = {isa = PBXBuildFile; fileRef = D284C6C51EC5956D00FB15CB /* ZHYResourceWrapper.h */; };
		D284C6CE1EC5A2D300FB15CB /* ZHYColorTransformer.h in Headers */ = {isa = PBXBuildFile; fileRef = D284C6CC1EC5A2D300FB15CB /* ZHYColorTransformer.h */; };
		D284C6CF1EC5A2D300FB15CB /* ZHYColorTransformer.m in Sources */ = {isa = PBXBuildFile; fileRef = D284C6CD1EC5A2D300FB15CB /* ZHYColorTransformer.m */; };
		D284C6D01EC5A34E00FB15CB /* ZHYColorTransformer.h in Headers */ = {isa = PBXBuildFile; fileRef = D284C6CC1EC5A2D300FB15CB /* ZHYColorTransformer.h */; };
		D284C6D11EC5A35000FB15CB /* ZHYColorTransformer.m in Sources */ = {isa = PBXBuildFile; fileRef = D284C6CD1EC5A2D300FB15CB /* ZHYColorTransformer.m */; };
		D284C6D21EC5A4F100FB15CB /* ZHYColorWrapper.m in Sources */ = {isa = PBXBuildFile; fileRef = D28F0A0B1EC16421007B1408 /* ZHYColorWrapper.m */; };
		D284C6D81EC5A89000FB15CB /* ZHYColorWrapper.h in Headers */ = {isa = PBXBuildFile; fileRef = D28F0A0A1EC16421007B1408 /* ZHYColorWrapper.h */; };
		D284C6DB1EC5B70200FB15CB /* ZHYFontTransformer.h in Headers */ = {isa = PBXBuildFile; fileRef = D284C6D91EC5B70200FB15CB /* ZHYFontTransformer.h */; };
		D284C6DC1EC5B70200FB15CB /* ZHYFontTransformer.m in Sources */ = {isa = PBXBuildFile; fileRef = D284C6DA1EC5B70200FB15CB /* ZHYFontTransformer.m */; };
		D284C6DD1EC5B76100FB15CB /* ZHYFontTransformer.h in Headers */ = {isa = PBXBuildFile; fileRef = D284C6D91EC5B70200FB15CB /* ZHYFontTransformer.h */; };
		D284C6DE1EC5B76400FB15CB /* ZHYFontTransformer.m in Sources */ = {isa = PBXBuildFile; fileRef = D284C6DA1EC5B70200FB15CB /* ZHYFontTransformer.m */; };
		D285F4741EC46BED003D806A /* ZHYResourceManager+Private.h in Headers */ = {isa = PBXBuildFile; fileRef = D285F4721EC46BED003D806A /* ZHYResourceManager+Private.h */; };
		D28F0A081EC161C1007B1408 /* ZHYFontWrapper.h in Headers */ = {isa = PBXBuildFile; fileRef = D28F0A061EC161C1007B1408 /* ZHYFontWrapper.h */; };
		D28F0A091EC161C1007B1408 /* ZHYFontWrapper.m in Sources */ = {isa = PBXBuildFile; fileRef = D28F0A071EC161C1007B1408 /* ZHYFontWrapper.m */; };
		D28F0A0C1EC16421007B1408 /* ZHYColorWrapper.h in Headers */ = {isa = PBXBuildFile; fileRef = D28F0A0A1EC16421007B1408 /* ZHYColorWrapper.h */; };
		D28F0A0D1EC16421007B1408 /* ZHYColorWrapper.m in Sources */ = {isa = PBXBuildFile; fileRef = D28F0A0B1EC16421007B1408 /* ZHYColorWrapper.m */; };
		D28F0A191EC16B77007B1408 /* NSColor+ZHYHex.h in Headers */ = {isa = PBXBuildFile; fileRef = D28F0A171EC16B77007B1408 /* NSColor+ZHYHex.h */; };
		D28F0A1A1EC16B77007B1408 /* NSColor+ZHYHex.m in Sources */ = {isa = PBXBuildFile; fileRef = D28F0A181EC16B77007B1408 /* NSColor+ZHYHex.m */; };
		D28F0A1D1EC1725B007B1408 /* UIColor+ZHYHex.h in Headers */ = {isa = PBXBuildFile; fileRef = D28F0A1B1EC1725B007B1408 /* UIColor+ZHYHex.h */; };
		D28F0A1E1EC1725B007B1408 /* UIColor+ZHYHex.m in Sources */ = {isa = PBXBuildFile; fileRef = D28F0A1C1EC1725B007B1408 /* UIColor+ZHYHex.m */; };
		D28F0A4A1EC1AE7A007B1408 /* ZHYColorWrapperTest.m in Sources */ = {isa = PBXBuildFile; fileRef = D28F0A491EC1AE7A007B1408 /* ZHYColorWrapperTest.m */; };
		D28F0A531EC1B206007B1408 /* ZHYImageWrapper.h in Headers */ = {isa = PBXBuildFile; fileRef = D28F0A511EC1B206007B1408 /* ZHYImageWrapper.h */; };
		D28F0A541EC1B206007B1408 /* ZHYImageWrapper.m in Sources */ = {isa = PBXBuildFile; fileRef = D28F0A521EC1B206007B1408 /* ZHYImageWrapper.m */; };
		D28F0A551EC1B255007B1408 /* ZHYImageWrapper.h in Headers */ = {isa = PBXBuildFile; fileRef = D28F0A511EC1B206007B1408 /* ZHYImageWrapper.h */; };
		D28F0A561EC1B271007B1408 /* ZHYImageWrapper.m in Sources */ = {isa = PBXBuildFile; fileRef = D28F0A521EC1B206007B1408 /* ZHYImageWrapper.m */; };
		D28F0A641EC2BE6F007B1408 /* ZHYFontWrapperTest.m in Sources */ = {isa = PBXBuildFile; fileRef = D28F0A631EC2BE6F007B1408 /* ZHYFontWrapperTest.m */; };
		D28F0A6D1EC2C2F2007B1408 /* AppDelegate.m in Sources */ = {isa = PBXBuildFile; fileRef = D28F0A6C1EC2C2F2007B1408 /* AppDelegate.m */; };
		D28F0A701EC2C2F2007B1408 /* main.m in Sources */ = {isa = PBXBuildFile; fileRef = D28F0A6F1EC2C2F2007B1408 /* main.m */; };
		D28F0A751EC2C2F2007B1408 /* Assets.xcassets in Resources */ = {isa = PBXBuildFile; fileRef = D28F0A741EC2C2F2007B1408 /* Assets.xcassets */; };
		D28F0A7E1EC2C327007B1408 /* MainMenu.xib in Resources */ = {isa = PBXBuildFile; fileRef = D28F0A7D1EC2C327007B1408 /* MainMenu.xib */; };
		D28F0A8E1EC2C770007B1408 /* ZHYMainWindowController.m in Sources */ = {isa = PBXBuildFile; fileRef = D28F0A8C1EC2C770007B1408 /* ZHYMainWindowController.m */; };
		D28F0A8F1EC2C770007B1408 /* ZHYMainWindowController.xib in Resources */ = {isa = PBXBuildFile; fileRef = D28F0A8D1EC2C770007B1408 /* ZHYMainWindowController.xib */; };
		D28F0A951EC2F0C4007B1408 /* ZHYFontWindowController.m in Sources */ = {isa = PBXBuildFile; fileRef = D28F0A931EC2F0C4007B1408 /* ZHYFontWindowController.m */; };
		D28F0A961EC2F0C4007B1408 /* ZHYFontWindowController.xib in Resources */ = {isa = PBXBuildFile; fileRef = D28F0A941EC2F0C4007B1408 /* ZHYFontWindowController.xib */; };
		D28F0AA11EC3019B007B1408 /* Color.plist in Resources */ = {isa = PBXBuildFile; fileRef = D28F0A9F1EC3019B007B1408 /* Color.plist */; };
		D28F0AA21EC3019B007B1408 /* ZHYResourceStruct.descriptor.plist in Resources */ = {isa = PBXBuildFile; fileRef = D28F0AA01EC3019B007B1408 /* ZHYResourceStruct.descriptor.plist */; };
		D28F0AA31EC301CD007B1408 /* ZHYResourceStruct.descriptor.plist in Resources */ = {isa = PBXBuildFile; fileRef = D28F0AA01EC3019B007B1408 /* ZHYResourceStruct.descriptor.plist */; };
		D28F0AA41EC301CD007B1408 /* ZHYResourceStruct.descriptor.plist in Resources */ = {isa = PBXBuildFile; fileRef = D28F0AA01EC3019B007B1408 /* ZHYResourceStruct.descriptor.plist */; };
		D28F0AA51EC301D0007B1408 /* Color.plist in Resources */ = {isa = PBXBuildFile; fileRef = D28F0A9F1EC3019B007B1408 /* Color.plist */; };
		D28F0AA61EC301D0007B1408 /* Color.plist in Resources */ = {isa = PBXBuildFile; fileRef = D28F0A9F1EC3019B007B1408 /* Color.plist */; };
		D28F0AA71EC30796007B1408 /* NSColor+ZHYHex.m in Sources */ = {isa = PBXBuildFile; fileRef = D28F0A181EC16B77007B1408 /* NSColor+ZHYHex.m */; };
		D28F0AA81EC30854007B1408 /* ZHYLogger.m in Sources */ = {isa = PBXBuildFile; fileRef = D2A005D31EC0607A000A272C /* ZHYLogger.m */; };
		D28F0AAD1EC3155B007B1408 /* ZHYImageWindowController.m in Sources */ = {isa = PBXBuildFile; fileRef = D28F0AAB1EC3155B007B1408 /* ZHYImageWindowController.m */; };
		D28F0AAE1EC3155B007B1408 /* ZHYImageWindowController.xib in Resources */ = {isa = PBXBuildFile; fileRef = D28F0AAC1EC3155B007B1408 /* ZHYImageWindowController.xib */; };
		D2909BB6204FDB5B00C8546D /* ZHYBundleWindowController.m in Sources */ = {isa = PBXBuildFile; fileRef = D2909BB4204FDB5B00C8546D /* ZHYBundleWindowController.m */; };
		D2909BB7204FDB5B00C8546D /* ZHYBundleWindowController.xib in Resources */ = {isa = PBXBuildFile; fileRef = D2909BB5204FDB5B00C8546D /* ZHYBundleWindowController.xib */; };
		D2909BC0204FE3AD00C8546D /* ZHYResourceBundle.m in Sources */ = {isa = PBXBuildFile; fileRef = D29C57F42043F63A0015F0A9 /* ZHYResourceBundle.m */; };
		D2909BC1204FE3CE00C8546D /* ZHYResourceContainer.m in Sources */ = {isa = PBXBuildFile; fileRef = D266DC6C20464FE5009CB1AE /* ZHYResourceContainer.m */; };
		D290E1671ECD7EDC00ABB9AD /* ZHYBundleLoader.m in Sources */ = {isa = PBXBuildFile; fileRef = D290E1651ECD7EDC00ABB9AD /* ZHYBundleLoader.m */; };
		D290E1711ECD898000ABB9AD /* ZHYResourceNode+Private.h in Headers */ = {isa = PBXBuildFile; fileRef = D290E16E1ECD893100ABB9AD /* ZHYResourceNode+Private.h */; };
		D290E1721ECD898000ABB9AD /* ZHYResourceNode+Private.h in Headers */ = {isa = PBXBuildFile; fileRef = D290E16E1ECD893100ABB9AD /* ZHYResourceNode+Private.h */; };
		D290E17B1ECD9C7800ABB9AD /* ZHYResourceCenter+Private.h in Headers */ = {isa = PBXBuildFile; fileRef = D290E1781ECD9C6500ABB9AD /* ZHYResourceCenter+Private.h */; };
		D290E17C1ECD9C7900ABB9AD /* ZHYResourceCenter+Private.h in Headers */ = {isa = PBXBuildFile; fileRef = D290E1781ECD9C6500ABB9AD /* ZHYResourceCenter+Private.h */; };
		D29C57F52043F63A0015F0A9 /* ZHYResourceBundle.h in Headers */ = {isa = PBXBuildFile; fileRef = D29C57F32043F63A0015F0A9 /* ZHYResourceBundle.h */; };
		D29C57F62043F63A0015F0A9 /* ZHYResourceBundle.m in Sources */ = {isa = PBXBuildFile; fileRef = D29C57F42043F63A0015F0A9 /* ZHYResourceBundle.m */; };
		D29C57F72043F6930015F0A9 /* ZHYResourceBundle.m in Sources */ = {isa = PBXBuildFile; fileRef = D29C57F42043F63A0015F0A9 /* ZHYResourceBundle.m */; };
		D29C57F82043F6950015F0A9 /* ZHYResourceBundle.h in Headers */ = {isa = PBXBuildFile; fileRef = D29C57F32043F63A0015F0A9 /* ZHYResourceBundle.h */; };
		D29C57FA2043FAB00015F0A9 /* ZHYResourceBundleDefines.h in Headers */ = {isa = PBXBuildFile; fileRef = D29C57F92043FAA70015F0A9 /* ZHYResourceBundleDefines.h */; };
		D29C57FB2043FAB00015F0A9 /* ZHYResourceBundleDefines.h in Headers */ = {isa = PBXBuildFile; fileRef = D29C57F92043FAA70015F0A9 /* ZHYResourceBundleDefines.h */; };
		D2A005C61EC013A8000A272C /* ZHYResourceCenter.h in Headers */ = {isa = PBXBuildFile; fileRef = D2CDA3871EBC7BBF0085F997 /* ZHYResourceCenter.h */; };
		D2A005D41EC0607A000A272C /* ZHYLogger.h in Headers */ = {isa = PBXBuildFile; fileRef = D2A005D21EC0607A000A272C /* ZHYLogger.h */; };
		D2A005D51EC0607A000A272C /* ZHYLogger.m in Sources */ = {isa = PBXBuildFile; fileRef = D2A005D31EC0607A000A272C /* ZHYLogger.m */; };
		D2A005ED1EC066A4000A272C /* ZHYResourceKitDefines.h in Headers */ = {isa = PBXBuildFile; fileRef = D2A005EC1EC0668B000A272C /* ZHYResourceKitDefines.h */; settings = {ATTRIBUTES = (Public, ); }; };
		D2A005EE1EC066A4000A272C /* ZHYResourceKitDefines.h in Headers */ = {isa = PBXBuildFile; fileRef = D2A005EC1EC0668B000A272C /* ZHYResourceKitDefines.h */; settings = {ATTRIBUTES = (Public, ); }; };
		D2AF24791EC94F6F00113B9C /* ZHYImageTransformer.h in Headers */ = {isa = PBXBuildFile; fileRef = D2AF24771EC94F6F00113B9C /* ZHYImageTransformer.h */; };
		D2AF247A1EC94F6F00113B9C /* ZHYImageTransformer.m in Sources */ = {isa = PBXBuildFile; fileRef = D2AF24781EC94F6F00113B9C /* ZHYImageTransformer.m */; };
		D2AF247B1EC950A300113B9C /* ZHYImageTransformer.m in Sources */ = {isa = PBXBuildFile; fileRef = D2AF24781EC94F6F00113B9C /* ZHYImageTransformer.m */; };
		D2AF247C1EC950C100113B9C /* ZHYImageTransformer.h in Headers */ = {isa = PBXBuildFile; fileRef = D2AF24771EC94F6F00113B9C /* ZHYImageTransformer.h */; };
		D2AF247F1EC983D600113B9C /* ZHYImageSearcher.h in Headers */ = {isa = PBXBuildFile; fileRef = D2AF247D1EC983D600113B9C /* ZHYImageSearcher.h */; };
		D2AF24801EC983D600113B9C /* ZHYImageSearcher.m in Sources */ = {isa = PBXBuildFile; fileRef = D2AF247E1EC983D600113B9C /* ZHYImageSearcher.m */; };
		D2AF24811EC983F900113B9C /* ZHYImageSearcher.h in Headers */ = {isa = PBXBuildFile; fileRef = D2AF247D1EC983D600113B9C /* ZHYImageSearcher.h */; };
		D2AF24821EC983FC00113B9C /* ZHYImageSearcher.m in Sources */ = {isa = PBXBuildFile; fileRef = D2AF247E1EC983D600113B9C /* ZHYImageSearcher.m */; };
		D2AF24831EC98D3100113B9C /* ZHYImageSearcher.m in Sources */ = {isa = PBXBuildFile; fileRef = D2AF247E1EC983D600113B9C /* ZHYImageSearcher.m */; };
		D2AF24851EC9919100113B9C /* ZHYColorWrapper.m in Sources */ = {isa = PBXBuildFile; fileRef = D28F0A0B1EC16421007B1408 /* ZHYColorWrapper.m */; };
		D2AF24861EC9919B00113B9C /* ZHYResourceWrapper.m in Sources */ = {isa = PBXBuildFile; fileRef = D284C6C61EC5956D00FB15CB /* ZHYResourceWrapper.m */; };
		D2AF24871EC991A900113B9C /* ZHYColorTransformer.m in Sources */ = {isa = PBXBuildFile; fileRef = D284C6CD1EC5A2D300FB15CB /* ZHYColorTransformer.m */; };
		D2AF24881EC991B300113B9C /* ZHYImageTransformer.m in Sources */ = {isa = PBXBuildFile; fileRef = D2AF24781EC94F6F00113B9C /* ZHYImageTransformer.m */; };
		D2AF24891EC991B600113B9C /* ZHYImageWrapper.m in Sources */ = {isa = PBXBuildFile; fileRef = D28F0A521EC1B206007B1408 /* ZHYImageWrapper.m */; };
		D2AF248C1EC991C100113B9C /* ZHYResourceManager.m in Sources */ = {isa = PBXBuildFile; fileRef = D2CDA3841EBC7B290085F997 /* ZHYResourceManager.m */; };
		D2AF248D1EC991C100113B9C /* ZHYResourceManager.m in Sources */ = {isa = PBXBuildFile; fileRef = D2CDA3841EBC7B290085F997 /* ZHYResourceManager.m */; };
		D2AF248E1EC991C500113B9C /* ZHYResourceManager.h in Headers */ = {isa = PBXBuildFile; fileRef = D2CDA3831EBC7B290085F997 /* ZHYResourceManager.h */; };
		D2AF24911EC9AFED00113B9C /* ZHYResourceMap.h in Headers */ = {isa = PBXBuildFile; fileRef = D2AF248F1EC9AFED00113B9C /* ZHYResourceMap.h */; };
		D2AF24921EC9AFED00113B9C /* ZHYResourceMap.m in Sources */ = {isa = PBXBuildFile; fileRef = D2AF24901EC9AFED00113B9C /* ZHYResourceMap.m */; };
		D2AF24931ECAE18100113B9C /* ZHYResourceMap.h in Headers */ = {isa = PBXBuildFile; fileRef = D2AF248F1EC9AFED00113B9C /* ZHYResourceMap.h */; };
		D2AF24941ECAE18300113B9C /* ZHYResourceMap.m in Sources */ = {isa = PBXBuildFile; fileRef = D2AF24901EC9AFED00113B9C /* ZHYResourceMap.m */; };
		D2AF24951ECAF3E400113B9C /* ZHYResourceManager+Private.h in Headers */ = {isa = PBXBuildFile; fileRef = D285F4721EC46BED003D806A /* ZHYResourceManager+Private.h */; };
		D2AF24961ECAF3EC00113B9C /* ZHYResourceCenter.m in Sources */ = {isa = PBXBuildFile; fileRef = D2CDA3881EBC7BBF0085F997 /* ZHYResourceCenter.m */; };
		D2AF24971ECAF3ED00113B9C /* ZHYResourceCenter.m in Sources */ = {isa = PBXBuildFile; fileRef = D2CDA3881EBC7BBF0085F997 /* ZHYResourceCenter.m */; };
		D2AF24981ECAF3F500113B9C /* ZHYResourceNode.h in Headers */ = {isa = PBXBuildFile; fileRef = D2CDA3B41EBC85E40085F997 /* ZHYResourceNode.h */; };
		D2AF24991ECAF3F900113B9C /* ZHYResourceNode.m in Sources */ = {isa = PBXBuildFile; fileRef = D2CDA3B51EBC85E40085F997 /* ZHYResourceNode.m */; };
		D2AF249A1ECAF3F900113B9C /* ZHYResourceNode.m in Sources */ = {isa = PBXBuildFile; fileRef = D2CDA3B51EBC85E40085F997 /* ZHYResourceNode.m */; };
		D2AF249B1ECAF40300113B9C /* ZHYResourceMap.m in Sources */ = {isa = PBXBuildFile; fileRef = D2AF24901EC9AFED00113B9C /* ZHYResourceMap.m */; };
		D2AF7EB11ED2EBBB00BA2F13 /* ZHYFontWrapper.m in Sources */ = {isa = PBXBuildFile; fileRef = D28F0A071EC161C1007B1408 /* ZHYFontWrapper.m */; };
		D2AF7EB21ED2EBBC00BA2F13 /* ZHYFontWrapper.m in Sources */ = {isa = PBXBuildFile; fileRef = D28F0A071EC161C1007B1408 /* ZHYFontWrapper.m */; };
		D2AF7EB31ED2EBC400BA2F13 /* ZHYFontTransformer.m in Sources */ = {isa = PBXBuildFile; fileRef = D284C6DA1EC5B70200FB15CB /* ZHYFontTransformer.m */; };
		D2BD15771ED3DB13009FADEA /* NSFont+ZHYAttributes.m in Sources */ = {isa = PBXBuildFile; fileRef = D204F1B01ECC393900D470ED /* NSFont+ZHYAttributes.m */; };
		D2BD15791ED3DF5D009FADEA /* ZHYFontWrapper.h in Headers */ = {isa = PBXBuildFile; fileRef = D28F0A061EC161C1007B1408 /* ZHYFontWrapper.h */; };
		D2BD157D1ED421EA009FADEA /* ZHYColorListWindowController.m in Sources */ = {isa = PBXBuildFile; fileRef = D2BD157B1ED421EA009FADEA /* ZHYColorListWindowController.m */; };
		D2BD157E1ED421EA009FADEA /* ZHYColorListWindowController.xib in Resources */ = {isa = PBXBuildFile; fileRef = D2BD157C1ED421EA009FADEA /* ZHYColorListWindowController.xib */; };
		D2BD15811ED42400009FADEA /* ZHYColorView.m in Sources */ = {isa = PBXBuildFile; fileRef = D2BD15801ED42400009FADEA /* ZHYColorView.m */; };
		D2BD15851ED42C7E009FADEA /* ZHYFontListWindowController.m in Sources */ = {isa = PBXBuildFile; fileRef = D2BD15831ED42C7E009FADEA /* ZHYFontListWindowController.m */; };
		D2BD15861ED42C7E009FADEA /* ZHYFontListWindowController.xib in Resources */ = {isa = PBXBuildFile; fileRef = D2BD15841ED42C7E009FADEA /* ZHYFontListWindowController.xib */; };
		D2BD158A1ED5720B009FADEA /* ZHYImageListWindowController.m in Sources */ = {isa = PBXBuildFile; fileRef = D2BD15881ED5720B009FADEA /* ZHYImageListWindowController.m */; };
		D2BD158B1ED5720B009FADEA /* ZHYImageListWindowController.xib in Resources */ = {isa = PBXBuildFile; fileRef = D2BD15891ED5720B009FADEA /* ZHYImageListWindowController.xib */; };
		D2CDA3731EBC71900085F997 /* ZHYResourceKitForMac.h in Headers */ = {isa = PBXBuildFile; fileRef = D2CDA3711EBC71900085F997 /* ZHYResourceKitForMac.h */; };
		D2CDA37E1EBC72150085F997 /* ZHYResourceKitForiOS.h in Headers */ = {isa = PBXBuildFile; fileRef = D2CDA37C1EBC72150085F997 /* ZHYResourceKitForiOS.h */; settings = {ATTRIBUTES = (Public, ); }; };
		D2CDA3851EBC7B290085F997 /* ZHYResourceManager.h in Headers */ = {isa = PBXBuildFile; fileRef = D2CDA3831EBC7B290085F997 /* ZHYResourceManager.h */; };
		D2CDA3861EBC7B290085F997 /* ZHYResourceManager.m in Sources */ = {isa = PBXBuildFile; fileRef = D2CDA3841EBC7B290085F997 /* ZHYResourceManager.m */; };
		D2CDA3891EBC7BBF0085F997 /* ZHYResourceCenter.h in Headers */ = {isa = PBXBuildFile; fileRef = D2CDA3871EBC7BBF0085F997 /* ZHYResourceCenter.h */; };
		D2CDA38A1EBC7BBF0085F997 /* ZHYResourceCenter.m in Sources */ = {isa = PBXBuildFile; fileRef = D2CDA3881EBC7BBF0085F997 /* ZHYResourceCenter.m */; };
		D2CDA3B61EBC85E40085F997 /* ZHYResourceNode.h in Headers */ = {isa = PBXBuildFile; fileRef = D2CDA3B41EBC85E40085F997 /* ZHYResourceNode.h */; };
		D2CDA3B71EBC85E40085F997 /* ZHYResourceNode.m in Sources */ = {isa = PBXBuildFile; fileRef = D2CDA3B51EBC85E40085F997 /* ZHYResourceNode.m */; };
		D2CDA3C11EBC88E30085F997 /* ZHYResourceKitForMacTests.m in Sources */ = {isa = PBXBuildFile; fileRef = D2CDA3C01EBC88E30085F997 /* ZHYResourceKitForMacTests.m */; };
		D2CDA3C31EBC88E30085F997 /* ZHYResourceKitForMac.framework in Frameworks */ = {isa = PBXBuildFile; fileRef = D2CDA3641EBC71760085F997 /* ZHYResourceKitForMac.framework */; };
		D2CDA3D01EBC891F0085F997 /* ZHYResourceKitForiOSTests.m in Sources */ = {isa = PBXBuildFile; fileRef = D2CDA3CF1EBC891F0085F997 /* ZHYResourceKitForiOSTests.m */; };
		D2CDA3D21EBC891F0085F997 /* ZHYResourceKitForiOS.framework in Frameworks */ = {isa = PBXBuildFile; fileRef = D2CDA37A1EBC72150085F997 /* ZHYResourceKitForiOS.framework */; };
		D2D5C7BE1ECED894000C6B1D /* ZHYColorWindowController.m in Sources */ = {isa = PBXBuildFile; fileRef = D2D5C7BC1ECED894000C6B1D /* ZHYColorWindowController.m */; };
		D2D5C7BF1ECED894000C6B1D /* ZHYColorWindowController.xib in Resources */ = {isa = PBXBuildFile; fileRef = D2D5C7BD1ECED894000C6B1D /* ZHYColorWindowController.xib */; };
/* End PBXBuildFile section */

/* Begin PBXContainerItemProxy section */
		D2CDA3C41EBC88E30085F997 /* PBXContainerItemProxy */ = {
			isa = PBXContainerItemProxy;
			containerPortal = D2CDA35B1EBC71760085F997 /* Project object */;
			proxyType = 1;
			remoteGlobalIDString = D2CDA3631EBC71760085F997;
			remoteInfo = ZHYResourceKitForMac;
		};
		D2CDA3D31EBC891F0085F997 /* PBXContainerItemProxy */ = {
			isa = PBXContainerItemProxy;
			containerPortal = D2CDA35B1EBC71760085F997 /* Project object */;
			proxyType = 1;
			remoteGlobalIDString = D2CDA3791EBC72150085F997;
			remoteInfo = ZHYResourceKitForiOS;
		};
/* End PBXContainerItemProxy section */

/* Begin PBXFileReference section */
		D204F1AF1ECC393900D470ED /* NSFont+ZHYAttributes.h */ = {isa = PBXFileReference; fileEncoding = 4; lastKnownFileType = sourcecode.c.h; path = "NSFont+ZHYAttributes.h"; sourceTree = "<group>"; };
		D204F1B01ECC393900D470ED /* NSFont+ZHYAttributes.m */ = {isa = PBXFileReference; fileEncoding = 4; lastKnownFileType = sourcecode.c.objc; path = "NSFont+ZHYAttributes.m"; sourceTree = "<group>"; };
		D204F1B31ECC3B1900D470ED /* UIFont+ZHYAttributes.h */ = {isa = PBXFileReference; fileEncoding = 4; lastKnownFileType = sourcecode.c.h; path = "UIFont+ZHYAttributes.h"; sourceTree = "<group>"; };
		D204F1B41ECC3B1900D470ED /* UIFont+ZHYAttributes.m */ = {isa = PBXFileReference; fileEncoding = 4; lastKnownFileType = sourcecode.c.objc; path = "UIFont+ZHYAttributes.m"; sourceTree = "<group>"; };
		D266DC6B20464FE5009CB1AE /* ZHYResourceContainer.h */ = {isa = PBXFileReference; lastKnownFileType = sourcecode.c.h; path = ZHYResourceContainer.h; sourceTree = "<group>"; };
		D266DC6C20464FE5009CB1AE /* ZHYResourceContainer.m */ = {isa = PBXFileReference; lastKnownFileType = sourcecode.c.objc; path = ZHYResourceContainer.m; sourceTree = "<group>"; };
		D284C6C51EC5956D00FB15CB /* ZHYResourceWrapper.h */ = {isa = PBXFileReference; fileEncoding = 4; lastKnownFileType = sourcecode.c.h; path = ZHYResourceWrapper.h; sourceTree = "<group>"; };
		D284C6C61EC5956D00FB15CB /* ZHYResourceWrapper.m */ = {isa = PBXFileReference; fileEncoding = 4; lastKnownFileType = sourcecode.c.objc; path = ZHYResourceWrapper.m; sourceTree = "<group>"; };
		D284C6CC1EC5A2D300FB15CB /* ZHYColorTransformer.h */ = {isa = PBXFileReference; fileEncoding = 4; lastKnownFileType = sourcecode.c.h; path = ZHYColorTransformer.h; sourceTree = "<group>"; };
		D284C6CD1EC5A2D300FB15CB /* ZHYColorTransformer.m */ = {isa = PBXFileReference; fileEncoding = 4; lastKnownFileType = sourcecode.c.objc; path = ZHYColorTransformer.m; sourceTree = "<group>"; };
		D284C6D91EC5B70200FB15CB /* ZHYFontTransformer.h */ = {isa = PBXFileReference; fileEncoding = 4; lastKnownFileType = sourcecode.c.h; path = ZHYFontTransformer.h; sourceTree = "<group>"; };
		D284C6DA1EC5B70200FB15CB /* ZHYFontTransformer.m */ = {isa = PBXFileReference; fileEncoding = 4; lastKnownFileType = sourcecode.c.objc; path = ZHYFontTransformer.m; sourceTree = "<group>"; };
		D285F4721EC46BED003D806A /* ZHYResourceManager+Private.h */ = {isa = PBXFileReference; fileEncoding = 4; lastKnownFileType = sourcecode.c.h; path = "ZHYResourceManager+Private.h"; sourceTree = "<group>"; };
		D28F0A061EC161C1007B1408 /* ZHYFontWrapper.h */ = {isa = PBXFileReference; fileEncoding = 4; lastKnownFileType = sourcecode.c.h; path = ZHYFontWrapper.h; sourceTree = "<group>"; };
		D28F0A071EC161C1007B1408 /* ZHYFontWrapper.m */ = {isa = PBXFileReference; fileEncoding = 4; lastKnownFileType = sourcecode.c.objc; path = ZHYFontWrapper.m; sourceTree = "<group>"; };
		D28F0A0A1EC16421007B1408 /* ZHYColorWrapper.h */ = {isa = PBXFileReference; fileEncoding = 4; lastKnownFileType = sourcecode.c.h; path = ZHYColorWrapper.h; sourceTree = "<group>"; };
		D28F0A0B1EC16421007B1408 /* ZHYColorWrapper.m */ = {isa = PBXFileReference; fileEncoding = 4; lastKnownFileType = sourcecode.c.objc; path = ZHYColorWrapper.m; sourceTree = "<group>"; };
		D28F0A171EC16B77007B1408 /* NSColor+ZHYHex.h */ = {isa = PBXFileReference; fileEncoding = 4; lastKnownFileType = sourcecode.c.h; path = "NSColor+ZHYHex.h"; sourceTree = "<group>"; };
		D28F0A181EC16B77007B1408 /* NSColor+ZHYHex.m */ = {isa = PBXFileReference; fileEncoding = 4; lastKnownFileType = sourcecode.c.objc; path = "NSColor+ZHYHex.m"; sourceTree = "<group>"; };
		D28F0A1B1EC1725B007B1408 /* UIColor+ZHYHex.h */ = {isa = PBXFileReference; fileEncoding = 4; lastKnownFileType = sourcecode.c.h; path = "UIColor+ZHYHex.h"; sourceTree = "<group>"; };
		D28F0A1C1EC1725B007B1408 /* UIColor+ZHYHex.m */ = {isa = PBXFileReference; fileEncoding = 4; lastKnownFileType = sourcecode.c.objc; path = "UIColor+ZHYHex.m"; sourceTree = "<group>"; };
		D28F0A491EC1AE7A007B1408 /* ZHYColorWrapperTest.m */ = {isa = PBXFileReference; fileEncoding = 4; lastKnownFileType = sourcecode.c.objc; path = ZHYColorWrapperTest.m; sourceTree = "<group>"; };
		D28F0A511EC1B206007B1408 /* ZHYImageWrapper.h */ = {isa = PBXFileReference; fileEncoding = 4; lastKnownFileType = sourcecode.c.h; path = ZHYImageWrapper.h; sourceTree = "<group>"; };
		D28F0A521EC1B206007B1408 /* ZHYImageWrapper.m */ = {isa = PBXFileReference; fileEncoding = 4; lastKnownFileType = sourcecode.c.objc; path = ZHYImageWrapper.m; sourceTree = "<group>"; };
		D28F0A631EC2BE6F007B1408 /* ZHYFontWrapperTest.m */ = {isa = PBXFileReference; fileEncoding = 4; lastKnownFileType = sourcecode.c.objc; path = ZHYFontWrapperTest.m; sourceTree = "<group>"; };
		D28F0A691EC2C2F2007B1408 /* ZHYResourceDesigner.app */ = {isa = PBXFileReference; explicitFileType = wrapper.application; includeInIndex = 0; path = ZHYResourceDesigner.app; sourceTree = BUILT_PRODUCTS_DIR; };
		D28F0A6B1EC2C2F2007B1408 /* AppDelegate.h */ = {isa = PBXFileReference; lastKnownFileType = sourcecode.c.h; path = AppDelegate.h; sourceTree = "<group>"; };
		D28F0A6C1EC2C2F2007B1408 /* AppDelegate.m */ = {isa = PBXFileReference; lastKnownFileType = sourcecode.c.objc; path = AppDelegate.m; sourceTree = "<group>"; };
		D28F0A6F1EC2C2F2007B1408 /* main.m */ = {isa = PBXFileReference; lastKnownFileType = sourcecode.c.objc; path = main.m; sourceTree = "<group>"; };
		D28F0A741EC2C2F2007B1408 /* Assets.xcassets */ = {isa = PBXFileReference; lastKnownFileType = folder.assetcatalog; path = Assets.xcassets; sourceTree = "<group>"; };
		D28F0A791EC2C2F2007B1408 /* Info.plist */ = {isa = PBXFileReference; lastKnownFileType = text.plist.xml; path = Info.plist; sourceTree = "<group>"; };
		D28F0A7D1EC2C327007B1408 /* MainMenu.xib */ = {isa = PBXFileReference; fileEncoding = 4; lastKnownFileType = file.xib; path = MainMenu.xib; sourceTree = "<group>"; };
		D28F0A8B1EC2C770007B1408 /* ZHYMainWindowController.h */ = {isa = PBXFileReference; fileEncoding = 4; lastKnownFileType = sourcecode.c.h; path = ZHYMainWindowController.h; sourceTree = "<group>"; };
		D28F0A8C1EC2C770007B1408 /* ZHYMainWindowController.m */ = {isa = PBXFileReference; fileEncoding = 4; lastKnownFileType = sourcecode.c.objc; path = ZHYMainWindowController.m; sourceTree = "<group>"; };
		D28F0A8D1EC2C770007B1408 /* ZHYMainWindowController.xib */ = {isa = PBXFileReference; fileEncoding = 4; lastKnownFileType = file.xib; path = ZHYMainWindowController.xib; sourceTree = "<group>"; };
		D28F0A921EC2F0C4007B1408 /* ZHYFontWindowController.h */ = {isa = PBXFileReference; fileEncoding = 4; lastKnownFileType = sourcecode.c.h; path = ZHYFontWindowController.h; sourceTree = "<group>"; };
		D28F0A931EC2F0C4007B1408 /* ZHYFontWindowController.m */ = {isa = PBXFileReference; fileEncoding = 4; lastKnownFileType = sourcecode.c.objc; path = ZHYFontWindowController.m; sourceTree = "<group>"; };
		D28F0A941EC2F0C4007B1408 /* ZHYFontWindowController.xib */ = {isa = PBXFileReference; fileEncoding = 4; lastKnownFileType = file.xib; path = ZHYFontWindowController.xib; sourceTree = "<group>"; };
		D28F0A9F1EC3019B007B1408 /* Color.plist */ = {isa = PBXFileReference; fileEncoding = 4; lastKnownFileType = text.plist.xml; name = Color.plist; path = TestResource/Color.plist; sourceTree = "<group>"; };
		D28F0AA01EC3019B007B1408 /* ZHYResourceStruct.descriptor.plist */ = {isa = PBXFileReference; fileEncoding = 4; lastKnownFileType = text.plist.xml; name = ZHYResourceStruct.descriptor.plist; path = TestResource/ZHYResourceStruct.descriptor.plist; sourceTree = "<group>"; };
		D28F0AAA1EC3155B007B1408 /* ZHYImageWindowController.h */ = {isa = PBXFileReference; fileEncoding = 4; lastKnownFileType = sourcecode.c.h; path = ZHYImageWindowController.h; sourceTree = "<group>"; };
		D28F0AAB1EC3155B007B1408 /* ZHYImageWindowController.m */ = {isa = PBXFileReference; fileEncoding = 4; lastKnownFileType = sourcecode.c.objc; path = ZHYImageWindowController.m; sourceTree = "<group>"; };
		D28F0AAC1EC3155B007B1408 /* ZHYImageWindowController.xib */ = {isa = PBXFileReference; fileEncoding = 4; lastKnownFileType = file.xib; path = ZHYImageWindowController.xib; sourceTree = "<group>"; };
		D2909BB3204FDB5B00C8546D /* ZHYBundleWindowController.h */ = {isa = PBXFileReference; lastKnownFileType = sourcecode.c.h; path = ZHYBundleWindowController.h; sourceTree = "<group>"; };
		D2909BB4204FDB5B00C8546D /* ZHYBundleWindowController.m */ = {isa = PBXFileReference; lastKnownFileType = sourcecode.c.objc; path = ZHYBundleWindowController.m; sourceTree = "<group>"; };
		D2909BB5204FDB5B00C8546D /* ZHYBundleWindowController.xib */ = {isa = PBXFileReference; lastKnownFileType = file.xib; path = ZHYBundleWindowController.xib; sourceTree = "<group>"; };
		D290E1641ECD7EDC00ABB9AD /* ZHYBundleLoader.h */ = {isa = PBXFileReference; fileEncoding = 4; lastKnownFileType = sourcecode.c.h; path = ZHYBundleLoader.h; sourceTree = "<group>"; };
		D290E1651ECD7EDC00ABB9AD /* ZHYBundleLoader.m */ = {isa = PBXFileReference; fileEncoding = 4; lastKnownFileType = sourcecode.c.objc; path = ZHYBundleLoader.m; sourceTree = "<group>"; };
		D290E16E1ECD893100ABB9AD /* ZHYResourceNode+Private.h */ = {isa = PBXFileReference; fileEncoding = 4; lastKnownFileType = sourcecode.c.h; path = "ZHYResourceNode+Private.h"; sourceTree = "<group>"; };
		D290E1781ECD9C6500ABB9AD /* ZHYResourceCenter+Private.h */ = {isa = PBXFileReference; fileEncoding = 4; lastKnownFileType = sourcecode.c.h; path = "ZHYResourceCenter+Private.h"; sourceTree = "<group>"; };
		D29C57F32043F63A0015F0A9 /* ZHYResourceBundle.h */ = {isa = PBXFileReference; lastKnownFileType = sourcecode.c.h; path = ZHYResourceBundle.h; sourceTree = "<group>"; };
		D29C57F42043F63A0015F0A9 /* ZHYResourceBundle.m */ = {isa = PBXFileReference; lastKnownFileType = sourcecode.c.objc; path = ZHYResourceBundle.m; sourceTree = "<group>"; };
		D29C57F92043FAA70015F0A9 /* ZHYResourceBundleDefines.h */ = {isa = PBXFileReference; lastKnownFileType = sourcecode.c.h; path = ZHYResourceBundleDefines.h; sourceTree = "<group>"; };
		D2A005D21EC0607A000A272C /* ZHYLogger.h */ = {isa = PBXFileReference; fileEncoding = 4; lastKnownFileType = sourcecode.c.h; name = ZHYLogger.h; path = ZHYResourceKit/ZHYLogger.h; sourceTree = "<group>"; };
		D2A005D31EC0607A000A272C /* ZHYLogger.m */ = {isa = PBXFileReference; fileEncoding = 4; lastKnownFileType = sourcecode.c.objc; name = ZHYLogger.m; path = ZHYResourceKit/ZHYLogger.m; sourceTree = "<group>"; };
		D2A005EC1EC0668B000A272C /* ZHYResourceKitDefines.h */ = {isa = PBXFileReference; lastKnownFileType = sourcecode.c.h; path = ZHYResourceKitDefines.h; sourceTree = "<group>"; };
		D2AF24771EC94F6F00113B9C /* ZHYImageTransformer.h */ = {isa = PBXFileReference; fileEncoding = 4; lastKnownFileType = sourcecode.c.h; path = ZHYImageTransformer.h; sourceTree = "<group>"; };
		D2AF24781EC94F6F00113B9C /* ZHYImageTransformer.m */ = {isa = PBXFileReference; fileEncoding = 4; lastKnownFileType = sourcecode.c.objc; path = ZHYImageTransformer.m; sourceTree = "<group>"; };
		D2AF247D1EC983D600113B9C /* ZHYImageSearcher.h */ = {isa = PBXFileReference; fileEncoding = 4; lastKnownFileType = sourcecode.c.h; path = ZHYImageSearcher.h; sourceTree = "<group>"; };
		D2AF247E1EC983D600113B9C /* ZHYImageSearcher.m */ = {isa = PBXFileReference; fileEncoding = 4; lastKnownFileType = sourcecode.c.objc; path = ZHYImageSearcher.m; sourceTree = "<group>"; };
		D2AF248F1EC9AFED00113B9C /* ZHYResourceMap.h */ = {isa = PBXFileReference; fileEncoding = 4; lastKnownFileType = sourcecode.c.h; path = ZHYResourceMap.h; sourceTree = "<group>"; };
		D2AF24901EC9AFED00113B9C /* ZHYResourceMap.m */ = {isa = PBXFileReference; fileEncoding = 4; lastKnownFileType = sourcecode.c.objc; path = ZHYResourceMap.m; sourceTree = "<group>"; };
		D2BD157A1ED421EA009FADEA /* ZHYColorListWindowController.h */ = {isa = PBXFileReference; fileEncoding = 4; lastKnownFileType = sourcecode.c.h; path = ZHYColorListWindowController.h; sourceTree = "<group>"; };
		D2BD157B1ED421EA009FADEA /* ZHYColorListWindowController.m */ = {isa = PBXFileReference; fileEncoding = 4; lastKnownFileType = sourcecode.c.objc; path = ZHYColorListWindowController.m; sourceTree = "<group>"; };
		D2BD157C1ED421EA009FADEA /* ZHYColorListWindowController.xib */ = {isa = PBXFileReference; fileEncoding = 4; lastKnownFileType = file.xib; path = ZHYColorListWindowController.xib; sourceTree = "<group>"; };
		D2BD157F1ED42400009FADEA /* ZHYColorView.h */ = {isa = PBXFileReference; fileEncoding = 4; lastKnownFileType = sourcecode.c.h; path = ZHYColorView.h; sourceTree = "<group>"; };
		D2BD15801ED42400009FADEA /* ZHYColorView.m */ = {isa = PBXFileReference; fileEncoding = 4; lastKnownFileType = sourcecode.c.objc; path = ZHYColorView.m; sourceTree = "<group>"; };
		D2BD15821ED42C7E009FADEA /* ZHYFontListWindowController.h */ = {isa = PBXFileReference; fileEncoding = 4; lastKnownFileType = sourcecode.c.h; path = ZHYFontListWindowController.h; sourceTree = "<group>"; };
		D2BD15831ED42C7E009FADEA /* ZHYFontListWindowController.m */ = {isa = PBXFileReference; fileEncoding = 4; lastKnownFileType = sourcecode.c.objc; path = ZHYFontListWindowController.m; sourceTree = "<group>"; };
		D2BD15841ED42C7E009FADEA /* ZHYFontListWindowController.xib */ = {isa = PBXFileReference; fileEncoding = 4; lastKnownFileType = file.xib; path = ZHYFontListWindowController.xib; sourceTree = "<group>"; };
		D2BD15871ED5720B009FADEA /* ZHYImageListWindowController.h */ = {isa = PBXFileReference; fileEncoding = 4; lastKnownFileType = sourcecode.c.h; path = ZHYImageListWindowController.h; sourceTree = "<group>"; };
		D2BD15881ED5720B009FADEA /* ZHYImageListWindowController.m */ = {isa = PBXFileReference; fileEncoding = 4; lastKnownFileType = sourcecode.c.objc; path = ZHYImageListWindowController.m; sourceTree = "<group>"; };
		D2BD15891ED5720B009FADEA /* ZHYImageListWindowController.xib */ = {isa = PBXFileReference; fileEncoding = 4; lastKnownFileType = file.xib; path = ZHYImageListWindowController.xib; sourceTree = "<group>"; };
		D2CDA3641EBC71760085F997 /* ZHYResourceKitForMac.framework */ = {isa = PBXFileReference; explicitFileType = wrapper.framework; includeInIndex = 0; path = ZHYResourceKitForMac.framework; sourceTree = BUILT_PRODUCTS_DIR; };
		D2CDA3701EBC71900085F997 /* Info.plist */ = {isa = PBXFileReference; fileEncoding = 4; lastKnownFileType = text.plist.xml; path = Info.plist; sourceTree = "<group>"; };
		D2CDA3711EBC71900085F997 /* ZHYResourceKitForMac.h */ = {isa = PBXFileReference; fileEncoding = 4; lastKnownFileType = sourcecode.c.h; path = ZHYResourceKitForMac.h; sourceTree = "<group>"; };
		D2CDA37A1EBC72150085F997 /* ZHYResourceKitForiOS.framework */ = {isa = PBXFileReference; explicitFileType = wrapper.framework; includeInIndex = 0; path = ZHYResourceKitForiOS.framework; sourceTree = BUILT_PRODUCTS_DIR; };
		D2CDA37C1EBC72150085F997 /* ZHYResourceKitForiOS.h */ = {isa = PBXFileReference; lastKnownFileType = sourcecode.c.h; path = ZHYResourceKitForiOS.h; sourceTree = "<group>"; };
		D2CDA37D1EBC72150085F997 /* Info.plist */ = {isa = PBXFileReference; lastKnownFileType = text.plist.xml; path = Info.plist; sourceTree = "<group>"; };
		D2CDA3831EBC7B290085F997 /* ZHYResourceManager.h */ = {isa = PBXFileReference; fileEncoding = 4; lastKnownFileType = sourcecode.c.h; path = ZHYResourceManager.h; sourceTree = "<group>"; };
		D2CDA3841EBC7B290085F997 /* ZHYResourceManager.m */ = {isa = PBXFileReference; fileEncoding = 4; lastKnownFileType = sourcecode.c.objc; path = ZHYResourceManager.m; sourceTree = "<group>"; };
		D2CDA3871EBC7BBF0085F997 /* ZHYResourceCenter.h */ = {isa = PBXFileReference; fileEncoding = 4; lastKnownFileType = sourcecode.c.h; path = ZHYResourceCenter.h; sourceTree = "<group>"; };
		D2CDA3881EBC7BBF0085F997 /* ZHYResourceCenter.m */ = {isa = PBXFileReference; fileEncoding = 4; lastKnownFileType = sourcecode.c.objc; path = ZHYResourceCenter.m; sourceTree = "<group>"; };
		D2CDA3B41EBC85E40085F997 /* ZHYResourceNode.h */ = {isa = PBXFileReference; fileEncoding = 4; lastKnownFileType = sourcecode.c.h; path = ZHYResourceNode.h; sourceTree = "<group>"; };
		D2CDA3B51EBC85E40085F997 /* ZHYResourceNode.m */ = {isa = PBXFileReference; fileEncoding = 4; lastKnownFileType = sourcecode.c.objc; path = ZHYResourceNode.m; sourceTree = "<group>"; };
		D2CDA3BE1EBC88E30085F997 /* ZHYResourceKitForMacTests.xctest */ = {isa = PBXFileReference; explicitFileType = wrapper.cfbundle; includeInIndex = 0; path = ZHYResourceKitForMacTests.xctest; sourceTree = BUILT_PRODUCTS_DIR; };
		D2CDA3C01EBC88E30085F997 /* ZHYResourceKitForMacTests.m */ = {isa = PBXFileReference; lastKnownFileType = sourcecode.c.objc; path = ZHYResourceKitForMacTests.m; sourceTree = "<group>"; };
		D2CDA3C21EBC88E30085F997 /* Info.plist */ = {isa = PBXFileReference; lastKnownFileType = text.plist.xml; path = Info.plist; sourceTree = "<group>"; };
		D2CDA3CD1EBC891F0085F997 /* ZHYResourceKitForiOSTests.xctest */ = {isa = PBXFileReference; explicitFileType = wrapper.cfbundle; includeInIndex = 0; path = ZHYResourceKitForiOSTests.xctest; sourceTree = BUILT_PRODUCTS_DIR; };
		D2CDA3CF1EBC891F0085F997 /* ZHYResourceKitForiOSTests.m */ = {isa = PBXFileReference; lastKnownFileType = sourcecode.c.objc; path = ZHYResourceKitForiOSTests.m; sourceTree = "<group>"; };
		D2CDA3D11EBC891F0085F997 /* Info.plist */ = {isa = PBXFileReference; lastKnownFileType = text.plist.xml; path = Info.plist; sourceTree = "<group>"; };
		D2D5C7BB1ECED894000C6B1D /* ZHYColorWindowController.h */ = {isa = PBXFileReference; fileEncoding = 4; lastKnownFileType = sourcecode.c.h; path = ZHYColorWindowController.h; sourceTree = "<group>"; };
		D2D5C7BC1ECED894000C6B1D /* ZHYColorWindowController.m */ = {isa = PBXFileReference; fileEncoding = 4; lastKnownFileType = sourcecode.c.objc; path = ZHYColorWindowController.m; sourceTree = "<group>"; };
		D2D5C7BD1ECED894000C6B1D /* ZHYColorWindowController.xib */ = {isa = PBXFileReference; fileEncoding = 4; lastKnownFileType = file.xib; path = ZHYColorWindowController.xib; sourceTree = "<group>"; };
/* End PBXFileReference section */

/* Begin PBXFrameworksBuildPhase section */
		D28F0A661EC2C2F2007B1408 /* Frameworks */ = {
			isa = PBXFrameworksBuildPhase;
			buildActionMask = 2147483647;
			files = (
			);
			runOnlyForDeploymentPostprocessing = 0;
		};
		D2CDA3601EBC71760085F997 /* Frameworks */ = {
			isa = PBXFrameworksBuildPhase;
			buildActionMask = 2147483647;
			files = (
			);
			runOnlyForDeploymentPostprocessing = 0;
		};
		D2CDA3761EBC72150085F997 /* Frameworks */ = {
			isa = PBXFrameworksBuildPhase;
			buildActionMask = 2147483647;
			files = (
			);
			runOnlyForDeploymentPostprocessing = 0;
		};
		D2CDA3BB1EBC88E30085F997 /* Frameworks */ = {
			isa = PBXFrameworksBuildPhase;
			buildActionMask = 2147483647;
			files = (
				D2CDA3C31EBC88E30085F997 /* ZHYResourceKitForMac.framework in Frameworks */,
			);
			runOnlyForDeploymentPostprocessing = 0;
		};
		D2CDA3CA1EBC891F0085F997 /* Frameworks */ = {
			isa = PBXFrameworksBuildPhase;
			buildActionMask = 2147483647;
			files = (
				D2CDA3D21EBC891F0085F997 /* ZHYResourceKitForiOS.framework in Frameworks */,
			);
			runOnlyForDeploymentPostprocessing = 0;
		};
/* End PBXFrameworksBuildPhase section */

/* Begin PBXGroup section */
		D28F0A211EC1748A007B1408 /* ColorWrapper */ = {
			isa = PBXGroup;
			children = (
				D28F0A0A1EC16421007B1408 /* ZHYColorWrapper.h */,
				D28F0A0B1EC16421007B1408 /* ZHYColorWrapper.m */,
				D284C6CC1EC5A2D300FB15CB /* ZHYColorTransformer.h */,
				D284C6CD1EC5A2D300FB15CB /* ZHYColorTransformer.m */,
			);
			name = ColorWrapper;
			sourceTree = "<group>";
		};
		D28F0A221EC174A2007B1408 /* FontWrapper */ = {
			isa = PBXGroup;
			children = (
				D28F0A061EC161C1007B1408 /* ZHYFontWrapper.h */,
				D28F0A071EC161C1007B1408 /* ZHYFontWrapper.m */,
				D284C6D91EC5B70200FB15CB /* ZHYFontTransformer.h */,
				D284C6DA1EC5B70200FB15CB /* ZHYFontTransformer.m */,
			);
			name = FontWrapper;
			sourceTree = "<group>";
		};
		D28F0A4B1EC1AEA7007B1408 /* TestResource */ = {
			isa = PBXGroup;
			children = (
				D28F0A9F1EC3019B007B1408 /* Color.plist */,
				D28F0AA01EC3019B007B1408 /* ZHYResourceStruct.descriptor.plist */,
			);
			name = TestResource;
			sourceTree = "<group>";
		};
		D28F0A501EC1B1EF007B1408 /* ImageWrapper */ = {
			isa = PBXGroup;
			children = (
				D28F0A511EC1B206007B1408 /* ZHYImageWrapper.h */,
				D28F0A521EC1B206007B1408 /* ZHYImageWrapper.m */,
				D2AF24771EC94F6F00113B9C /* ZHYImageTransformer.h */,
				D2AF24781EC94F6F00113B9C /* ZHYImageTransformer.m */,
				D2AF247D1EC983D600113B9C /* ZHYImageSearcher.h */,
				D2AF247E1EC983D600113B9C /* ZHYImageSearcher.m */,
			);
			name = ImageWrapper;
			sourceTree = "<group>";
		};
		D28F0A6A1EC2C2F2007B1408 /* ZHYResourceDesigner */ = {
			isa = PBXGroup;
			children = (
				D2909BBA204FDC5600C8546D /* Bundle */,
				D2BD15761ED3D929009FADEA /* Image */,
				D2AF7EAD1ED2C54800BA2F13 /* Font */,
				D2AF7EAC1ED2C53B00BA2F13 /* Color */,
				D290E1641ECD7EDC00ABB9AD /* ZHYBundleLoader.h */,
				D290E1651ECD7EDC00ABB9AD /* ZHYBundleLoader.m */,
				D28F0A8B1EC2C770007B1408 /* ZHYMainWindowController.h */,
				D28F0A8C1EC2C770007B1408 /* ZHYMainWindowController.m */,
				D28F0A8D1EC2C770007B1408 /* ZHYMainWindowController.xib */,
				D28F0A6B1EC2C2F2007B1408 /* AppDelegate.h */,
				D28F0A6C1EC2C2F2007B1408 /* AppDelegate.m */,
				D28F0A7D1EC2C327007B1408 /* MainMenu.xib */,
				D28F0A741EC2C2F2007B1408 /* Assets.xcassets */,
				D28F0A791EC2C2F2007B1408 /* Info.plist */,
				D28F0A6E1EC2C2F2007B1408 /* Supporting Files */,
			);
			path = ZHYResourceDesigner;
			sourceTree = "<group>";
		};
		D28F0A6E1EC2C2F2007B1408 /* Supporting Files */ = {
			isa = PBXGroup;
			children = (
				D28F0A6F1EC2C2F2007B1408 /* main.m */,
			);
			name = "Supporting Files";
			sourceTree = "<group>";
		};
		D2909BBA204FDC5600C8546D /* Bundle */ = {
			isa = PBXGroup;
			children = (
				D2909BB3204FDB5B00C8546D /* ZHYBundleWindowController.h */,
				D2909BB4204FDB5B00C8546D /* ZHYBundleWindowController.m */,
				D2909BB5204FDB5B00C8546D /* ZHYBundleWindowController.xib */,
			);
			name = Bundle;
			sourceTree = "<group>";
		};
		D29C57F22043F6030015F0A9 /* Structure */ = {
			isa = PBXGroup;
			children = (
				D29C57F92043FAA70015F0A9 /* ZHYResourceBundleDefines.h */,
				D29C57F32043F63A0015F0A9 /* ZHYResourceBundle.h */,
				D29C57F42043F63A0015F0A9 /* ZHYResourceBundle.m */,
				D266DC6B20464FE5009CB1AE /* ZHYResourceContainer.h */,
				D266DC6C20464FE5009CB1AE /* ZHYResourceContainer.m */,
			);
			name = Structure;
			sourceTree = "<group>";
		};
		D2A005C71EC0192B000A272C /* Util */ = {
			isa = PBXGroup;
			children = (
				D2A005D21EC0607A000A272C /* ZHYLogger.h */,
				D2A005D31EC0607A000A272C /* ZHYLogger.m */,
			);
			name = Util;
			sourceTree = "<group>";
		};
		D2AF7EAC1ED2C53B00BA2F13 /* Color */ = {
			isa = PBXGroup;
			children = (
				D2D5C7BB1ECED894000C6B1D /* ZHYColorWindowController.h */,
				D2D5C7BC1ECED894000C6B1D /* ZHYColorWindowController.m */,
				D2D5C7BD1ECED894000C6B1D /* ZHYColorWindowController.xib */,
				D2BD157A1ED421EA009FADEA /* ZHYColorListWindowController.h */,
				D2BD157B1ED421EA009FADEA /* ZHYColorListWindowController.m */,
				D2BD157C1ED421EA009FADEA /* ZHYColorListWindowController.xib */,
				D2BD157F1ED42400009FADEA /* ZHYColorView.h */,
				D2BD15801ED42400009FADEA /* ZHYColorView.m */,
			);
			name = Color;
			sourceTree = "<group>";
		};
		D2AF7EAD1ED2C54800BA2F13 /* Font */ = {
			isa = PBXGroup;
			children = (
				D28F0A921EC2F0C4007B1408 /* ZHYFontWindowController.h */,
				D28F0A931EC2F0C4007B1408 /* ZHYFontWindowController.m */,
				D28F0A941EC2F0C4007B1408 /* ZHYFontWindowController.xib */,
				D2BD15821ED42C7E009FADEA /* ZHYFontListWindowController.h */,
				D2BD15831ED42C7E009FADEA /* ZHYFontListWindowController.m */,
				D2BD15841ED42C7E009FADEA /* ZHYFontListWindowController.xib */,
			);
			name = Font;
			sourceTree = "<group>";
		};
		D2BD15761ED3D929009FADEA /* Image */ = {
			isa = PBXGroup;
			children = (
				D28F0AAA1EC3155B007B1408 /* ZHYImageWindowController.h */,
				D28F0AAB1EC3155B007B1408 /* ZHYImageWindowController.m */,
				D28F0AAC1EC3155B007B1408 /* ZHYImageWindowController.xib */,
				D2BD15871ED5720B009FADEA /* ZHYImageListWindowController.h */,
				D2BD15881ED5720B009FADEA /* ZHYImageListWindowController.m */,
				D2BD15891ED5720B009FADEA /* ZHYImageListWindowController.xib */,
			);
			name = Image;
			sourceTree = "<group>";
		};
		D2CDA35A1EBC71760085F997 = {
			isa = PBXGroup;
			children = (
				D2A005C71EC0192B000A272C /* Util */,
				D2CDA3741EBC71C70085F997 /* ZHYResourceKit */,
				D2CDA36F1EBC71900085F997 /* ZHYResourceKitForMac */,
				D2CDA3BF1EBC88E30085F997 /* ZHYResourceKitForMacTests */,
				D2CDA37B1EBC72150085F997 /* ZHYResourceKitForiOS */,
				D2CDA3CE1EBC891F0085F997 /* ZHYResourceKitForiOSTests */,
				D28F0A4B1EC1AEA7007B1408 /* TestResource */,
				D28F0A6A1EC2C2F2007B1408 /* ZHYResourceDesigner */,
				D2CDA3651EBC71760085F997 /* Products */,
			);
			sourceTree = "<group>";
		};
		D2CDA3651EBC71760085F997 /* Products */ = {
			isa = PBXGroup;
			children = (
				D2CDA3641EBC71760085F997 /* ZHYResourceKitForMac.framework */,
				D2CDA37A1EBC72150085F997 /* ZHYResourceKitForiOS.framework */,
				D2CDA3BE1EBC88E30085F997 /* ZHYResourceKitForMacTests.xctest */,
				D2CDA3CD1EBC891F0085F997 /* ZHYResourceKitForiOSTests.xctest */,
				D28F0A691EC2C2F2007B1408 /* ZHYResourceDesigner.app */,
			);
			name = Products;
			sourceTree = "<group>";
		};
		D2CDA36F1EBC71900085F997 /* ZHYResourceKitForMac */ = {
			isa = PBXGroup;
			children = (
				D204F1AF1ECC393900D470ED /* NSFont+ZHYAttributes.h */,
				D204F1B01ECC393900D470ED /* NSFont+ZHYAttributes.m */,
				D28F0A171EC16B77007B1408 /* NSColor+ZHYHex.h */,
				D28F0A181EC16B77007B1408 /* NSColor+ZHYHex.m */,
				D2CDA3701EBC71900085F997 /* Info.plist */,
				D2CDA3711EBC71900085F997 /* ZHYResourceKitForMac.h */,
			);
			path = ZHYResourceKitForMac;
			sourceTree = "<group>";
		};
		D2CDA3741EBC71C70085F997 /* ZHYResourceKit */ = {
			isa = PBXGroup;
			children = (
				D2A005EC1EC0668B000A272C /* ZHYResourceKitDefines.h */,
				D2CDA3831EBC7B290085F997 /* ZHYResourceManager.h */,
				D2CDA3841EBC7B290085F997 /* ZHYResourceManager.m */,
				D285F4721EC46BED003D806A /* ZHYResourceManager+Private.h */,
				D2CDA3871EBC7BBF0085F997 /* ZHYResourceCenter.h */,
				D2CDA3881EBC7BBF0085F997 /* ZHYResourceCenter.m */,
				D290E1781ECD9C6500ABB9AD /* ZHYResourceCenter+Private.h */,
				D2AF248F1EC9AFED00113B9C /* ZHYResourceMap.h */,
				D2AF24901EC9AFED00113B9C /* ZHYResourceMap.m */,
				D2CDA3B41EBC85E40085F997 /* ZHYResourceNode.h */,
				D2CDA3B51EBC85E40085F997 /* ZHYResourceNode.m */,
				D290E16E1ECD893100ABB9AD /* ZHYResourceNode+Private.h */,
				D284C6C51EC5956D00FB15CB /* ZHYResourceWrapper.h */,
				D284C6C61EC5956D00FB15CB /* ZHYResourceWrapper.m */,
				D29C57F22043F6030015F0A9 /* Structure */,
				D28F0A221EC174A2007B1408 /* FontWrapper */,
				D28F0A211EC1748A007B1408 /* ColorWrapper */,
				D28F0A501EC1B1EF007B1408 /* ImageWrapper */,
			);
			path = ZHYResourceKit;
			sourceTree = "<group>";
		};
		D2CDA37B1EBC72150085F997 /* ZHYResourceKitForiOS */ = {
			isa = PBXGroup;
			children = (
				D204F1B31ECC3B1900D470ED /* UIFont+ZHYAttributes.h */,
				D204F1B41ECC3B1900D470ED /* UIFont+ZHYAttributes.m */,
				D28F0A1B1EC1725B007B1408 /* UIColor+ZHYHex.h */,
				D28F0A1C1EC1725B007B1408 /* UIColor+ZHYHex.m */,
				D2CDA37C1EBC72150085F997 /* ZHYResourceKitForiOS.h */,
				D2CDA37D1EBC72150085F997 /* Info.plist */,
			);
			path = ZHYResourceKitForiOS;
			sourceTree = "<group>";
		};
		D2CDA3BF1EBC88E30085F997 /* ZHYResourceKitForMacTests */ = {
			isa = PBXGroup;
			children = (
				D2CDA3C21EBC88E30085F997 /* Info.plist */,
				D2CDA3C01EBC88E30085F997 /* ZHYResourceKitForMacTests.m */,
				D28F0A491EC1AE7A007B1408 /* ZHYColorWrapperTest.m */,
				D28F0A631EC2BE6F007B1408 /* ZHYFontWrapperTest.m */,
			);
			path = ZHYResourceKitForMacTests;
			sourceTree = SOURCE_ROOT;
		};
		D2CDA3CE1EBC891F0085F997 /* ZHYResourceKitForiOSTests */ = {
			isa = PBXGroup;
			children = (
				D2CDA3CF1EBC891F0085F997 /* ZHYResourceKitForiOSTests.m */,
				D2CDA3D11EBC891F0085F997 /* Info.plist */,
			);
			path = ZHYResourceKitForiOSTests;
			sourceTree = "<group>";
		};
/* End PBXGroup section */

/* Begin PBXHeadersBuildPhase section */
		D2CDA3611EBC71760085F997 /* Headers */ = {
			isa = PBXHeadersBuildPhase;
			buildActionMask = 2147483647;
			files = (
				D2A005ED1EC066A4000A272C /* ZHYResourceKitDefines.h in Headers */,
				D285F4741EC46BED003D806A /* ZHYResourceManager+Private.h in Headers */,
				D29C57F52043F63A0015F0A9 /* ZHYResourceBundle.h in Headers */,
				D29C57FA2043FAB00015F0A9 /* ZHYResourceBundleDefines.h in Headers */,
				D28F0A0C1EC16421007B1408 /* ZHYColorWrapper.h in Headers */,
				D290E17B1ECD9C7800ABB9AD /* ZHYResourceCenter+Private.h in Headers */,
				D204F1B11ECC393900D470ED /* NSFont+ZHYAttributes.h in Headers */,
				D28F0A081EC161C1007B1408 /* ZHYFontWrapper.h in Headers */,
				D284C6C71EC5956D00FB15CB /* ZHYResourceWrapper.h in Headers */,
				D2CDA3B61EBC85E40085F997 /* ZHYResourceNode.h in Headers */,
				D290E1711ECD898000ABB9AD /* ZHYResourceNode+Private.h in Headers */,
				D2A005D41EC0607A000A272C /* ZHYLogger.h in Headers */,
				D2CDA3851EBC7B290085F997 /* ZHYResourceManager.h in Headers */,
				D284C6DB1EC5B70200FB15CB /* ZHYFontTransformer.h in Headers */,
				D2CDA3731EBC71900085F997 /* ZHYResourceKitForMac.h in Headers */,
				D266DC6D20464FE5009CB1AE /* ZHYResourceContainer.h in Headers */,
				D2AF24911EC9AFED00113B9C /* ZHYResourceMap.h in Headers */,
				D2AF24791EC94F6F00113B9C /* ZHYImageTransformer.h in Headers */,
				D28F0A191EC16B77007B1408 /* NSColor+ZHYHex.h in Headers */,
				D28F0A551EC1B255007B1408 /* ZHYImageWrapper.h in Headers */,
				D2CDA3891EBC7BBF0085F997 /* ZHYResourceCenter.h in Headers */,
				D284C6CE1EC5A2D300FB15CB /* ZHYColorTransformer.h in Headers */,
				D2AF247F1EC983D600113B9C /* ZHYImageSearcher.h in Headers */,
			);
			runOnlyForDeploymentPostprocessing = 0;
		};
		D2CDA3771EBC72150085F997 /* Headers */ = {
			isa = PBXHeadersBuildPhase;
			buildActionMask = 2147483647;
			files = (
				D266DC6F20464FF4009CB1AE /* ZHYResourceContainer.h in Headers */,
				D2AF247C1EC950C100113B9C /* ZHYImageTransformer.h in Headers */,
				D290E17C1ECD9C7900ABB9AD /* ZHYResourceCenter+Private.h in Headers */,
				D28F0A531EC1B206007B1408 /* ZHYImageWrapper.h in Headers */,
				D284C6CB1EC5959A00FB15CB /* ZHYResourceWrapper.h in Headers */,
				D2AF24811EC983F900113B9C /* ZHYImageSearcher.h in Headers */,
				D2AF24931ECAE18100113B9C /* ZHYResourceMap.h in Headers */,
				D2BD15791ED3DF5D009FADEA /* ZHYFontWrapper.h in Headers */,
				D284C6D01EC5A34E00FB15CB /* ZHYColorTransformer.h in Headers */,
				D2AF24951ECAF3E400113B9C /* ZHYResourceManager+Private.h in Headers */,
				D2AF24981ECAF3F500113B9C /* ZHYResourceNode.h in Headers */,
				D2AF248E1EC991C500113B9C /* ZHYResourceManager.h in Headers */,
				D2CDA37E1EBC72150085F997 /* ZHYResourceKitForiOS.h in Headers */,
				D290E1721ECD898000ABB9AD /* ZHYResourceNode+Private.h in Headers */,
				D2A005EE1EC066A4000A272C /* ZHYResourceKitDefines.h in Headers */,
				D29C57F82043F6950015F0A9 /* ZHYResourceBundle.h in Headers */,
				D28F0A1D1EC1725B007B1408 /* UIColor+ZHYHex.h in Headers */,
				D29C57FB2043FAB00015F0A9 /* ZHYResourceBundleDefines.h in Headers */,
				D284C6D81EC5A89000FB15CB /* ZHYColorWrapper.h in Headers */,
				D2A005C61EC013A8000A272C /* ZHYResourceCenter.h in Headers */,
				D204F1B51ECC3B1900D470ED /* UIFont+ZHYAttributes.h in Headers */,
				D284C6DD1EC5B76100FB15CB /* ZHYFontTransformer.h in Headers */,
			);
			runOnlyForDeploymentPostprocessing = 0;
		};
/* End PBXHeadersBuildPhase section */

/* Begin PBXNativeTarget section */
		D28F0A681EC2C2F2007B1408 /* ZHYResourceDesigner */ = {
			isa = PBXNativeTarget;
			buildConfigurationList = D28F0A7A1EC2C2F2007B1408 /* Build configuration list for PBXNativeTarget "ZHYResourceDesigner" */;
			buildPhases = (
				D28F0A651EC2C2F2007B1408 /* Sources */,
				D28F0A661EC2C2F2007B1408 /* Frameworks */,
				D28F0A671EC2C2F2007B1408 /* Resources */,
			);
			buildRules = (
			);
			dependencies = (
			);
			name = ZHYResourceDesigner;
			productName = ZHYResourceDesigner;
			productReference = D28F0A691EC2C2F2007B1408 /* ZHYResourceDesigner.app */;
			productType = "com.apple.product-type.application";
		};
		D2CDA3631EBC71760085F997 /* ZHYResourceKitForMac */ = {
			isa = PBXNativeTarget;
			buildConfigurationList = D2CDA36C1EBC71760085F997 /* Build configuration list for PBXNativeTarget "ZHYResourceKitForMac" */;
			buildPhases = (
				D2CDA35F1EBC71760085F997 /* Sources */,
				D2CDA3601EBC71760085F997 /* Frameworks */,
				D2CDA3611EBC71760085F997 /* Headers */,
				D2CDA3621EBC71760085F997 /* Resources */,
			);
			buildRules = (
			);
			dependencies = (
			);
			name = ZHYResourceKitForMac;
			productName = ZHYResourceKit;
			productReference = D2CDA3641EBC71760085F997 /* ZHYResourceKitForMac.framework */;
			productType = "com.apple.product-type.framework";
		};
		D2CDA3791EBC72150085F997 /* ZHYResourceKitForiOS */ = {
			isa = PBXNativeTarget;
			buildConfigurationList = D2CDA37F1EBC72150085F997 /* Build configuration list for PBXNativeTarget "ZHYResourceKitForiOS" */;
			buildPhases = (
				D2CDA3751EBC72150085F997 /* Sources */,
				D2CDA3761EBC72150085F997 /* Frameworks */,
				D2CDA3771EBC72150085F997 /* Headers */,
				D2CDA3781EBC72150085F997 /* Resources */,
			);
			buildRules = (
			);
			dependencies = (
			);
			name = ZHYResourceKitForiOS;
			productName = ZHYResourceKitForiOS;
			productReference = D2CDA37A1EBC72150085F997 /* ZHYResourceKitForiOS.framework */;
			productType = "com.apple.product-type.framework";
		};
		D2CDA3BD1EBC88E30085F997 /* ZHYResourceKitForMacTests */ = {
			isa = PBXNativeTarget;
			buildConfigurationList = D2CDA3C61EBC88E30085F997 /* Build configuration list for PBXNativeTarget "ZHYResourceKitForMacTests" */;
			buildPhases = (
				D2CDA3BA1EBC88E30085F997 /* Sources */,
				D2CDA3BB1EBC88E30085F997 /* Frameworks */,
				D2CDA3BC1EBC88E30085F997 /* Resources */,
			);
			buildRules = (
			);
			dependencies = (
				D2CDA3C51EBC88E30085F997 /* PBXTargetDependency */,
			);
			name = ZHYResourceKitForMacTests;
			productName = ZHYResourceKitForMacTests;
			productReference = D2CDA3BE1EBC88E30085F997 /* ZHYResourceKitForMacTests.xctest */;
			productType = "com.apple.product-type.bundle.unit-test";
		};
		D2CDA3CC1EBC891F0085F997 /* ZHYResourceKitForiOSTests */ = {
			isa = PBXNativeTarget;
			buildConfigurationList = D2CDA3D51EBC891F0085F997 /* Build configuration list for PBXNativeTarget "ZHYResourceKitForiOSTests" */;
			buildPhases = (
				D2CDA3C91EBC891F0085F997 /* Sources */,
				D2CDA3CA1EBC891F0085F997 /* Frameworks */,
				D2CDA3CB1EBC891F0085F997 /* Resources */,
			);
			buildRules = (
			);
			dependencies = (
				D2CDA3D41EBC891F0085F997 /* PBXTargetDependency */,
			);
			name = ZHYResourceKitForiOSTests;
			productName = ZHYResourceKitForiOSTests;
			productReference = D2CDA3CD1EBC891F0085F997 /* ZHYResourceKitForiOSTests.xctest */;
			productType = "com.apple.product-type.bundle.unit-test";
		};
/* End PBXNativeTarget section */

/* Begin PBXProject section */
		D2CDA35B1EBC71760085F997 /* Project object */ = {
			isa = PBXProject;
			attributes = {
				CLASSPREFIX = ZHY;
				LastUpgradeCheck = 0830;
				ORGANIZATIONNAME = "John Henry";
				TargetAttributes = {
					D28F0A681EC2C2F2007B1408 = {
						CreatedOnToolsVersion = 8.3;
						ProvisioningStyle = Automatic;
					};
					D2CDA3631EBC71760085F997 = {
						CreatedOnToolsVersion = 8.3;
						DevelopmentTeam = 24QJT553GT;
						ProvisioningStyle = Automatic;
					};
					D2CDA3791EBC72150085F997 = {
						CreatedOnToolsVersion = 8.3;
						DevelopmentTeam = 24QJT553GT;
						ProvisioningStyle = Automatic;
					};
					D2CDA3BD1EBC88E30085F997 = {
						CreatedOnToolsVersion = 8.3;
						DevelopmentTeam = 24QJT553GT;
						ProvisioningStyle = Automatic;
					};
					D2CDA3CC1EBC891F0085F997 = {
						CreatedOnToolsVersion = 8.3;
						DevelopmentTeam = 24QJT553GT;
						ProvisioningStyle = Automatic;
					};
				};
			};
			buildConfigurationList = D2CDA35E1EBC71760085F997 /* Build configuration list for PBXProject "ZHYResourceKit" */;
			compatibilityVersion = "Xcode 3.2";
			developmentRegion = English;
			hasScannedForEncodings = 0;
			knownRegions = (
				en,
				Base,
			);
			mainGroup = D2CDA35A1EBC71760085F997;
			productRefGroup = D2CDA3651EBC71760085F997 /* Products */;
			projectDirPath = "";
			projectRoot = "";
			targets = (
				D2CDA3631EBC71760085F997 /* ZHYResourceKitForMac */,
				D2CDA3791EBC72150085F997 /* ZHYResourceKitForiOS */,
				D2CDA3BD1EBC88E30085F997 /* ZHYResourceKitForMacTests */,
				D2CDA3CC1EBC891F0085F997 /* ZHYResourceKitForiOSTests */,
				D28F0A681EC2C2F2007B1408 /* ZHYResourceDesigner */,
			);
		};
/* End PBXProject section */

/* Begin PBXResourcesBuildPhase section */
		D28F0A671EC2C2F2007B1408 /* Resources */ = {
			isa = PBXResourcesBuildPhase;
			buildActionMask = 2147483647;
			files = (
				D28F0A8F1EC2C770007B1408 /* ZHYMainWindowController.xib in Resources */,
				D2BD158B1ED5720B009FADEA /* ZHYImageListWindowController.xib in Resources */,
				D2D5C7BF1ECED894000C6B1D /* ZHYColorWindowController.xib in Resources */,
				D28F0AA21EC3019B007B1408 /* ZHYResourceStruct.descriptor.plist in Resources */,
				D28F0AA11EC3019B007B1408 /* Color.plist in Resources */,
				D2BD15861ED42C7E009FADEA /* ZHYFontListWindowController.xib in Resources */,
				D28F0A751EC2C2F2007B1408 /* Assets.xcassets in Resources */,
				D28F0A7E1EC2C327007B1408 /* MainMenu.xib in Resources */,
				D28F0A961EC2F0C4007B1408 /* ZHYFontWindowController.xib in Resources */,
				D2BD157E1ED421EA009FADEA /* ZHYColorListWindowController.xib in Resources */,
				D28F0AAE1EC3155B007B1408 /* ZHYImageWindowController.xib in Resources */,
				D2909BB7204FDB5B00C8546D /* ZHYBundleWindowController.xib in Resources */,
			);
			runOnlyForDeploymentPostprocessing = 0;
		};
		D2CDA3621EBC71760085F997 /* Resources */ = {
			isa = PBXResourcesBuildPhase;
			buildActionMask = 2147483647;
			files = (
			);
			runOnlyForDeploymentPostprocessing = 0;
		};
		D2CDA3781EBC72150085F997 /* Resources */ = {
			isa = PBXResourcesBuildPhase;
			buildActionMask = 2147483647;
			files = (
			);
			runOnlyForDeploymentPostprocessing = 0;
		};
		D2CDA3BC1EBC88E30085F997 /* Resources */ = {
			isa = PBXResourcesBuildPhase;
			buildActionMask = 2147483647;
			files = (
				D28F0AA61EC301D0007B1408 /* Color.plist in Resources */,
				D28F0AA31EC301CD007B1408 /* ZHYResourceStruct.descriptor.plist in Resources */,
			);
			runOnlyForDeploymentPostprocessing = 0;
		};
		D2CDA3CB1EBC891F0085F997 /* Resources */ = {
			isa = PBXResourcesBuildPhase;
			buildActionMask = 2147483647;
			files = (
				D28F0AA51EC301D0007B1408 /* Color.plist in Resources */,
				D28F0AA41EC301CD007B1408 /* ZHYResourceStruct.descriptor.plist in Resources */,
			);
			runOnlyForDeploymentPostprocessing = 0;
		};
/* End PBXResourcesBuildPhase section */

/* Begin PBXSourcesBuildPhase section */
		D28F0A651EC2C2F2007B1408 /* Sources */ = {
			isa = PBXSourcesBuildPhase;
			buildActionMask = 2147483647;
			files = (
				D28F0A8E1EC2C770007B1408 /* ZHYMainWindowController.m in Sources */,
				D2AF24871EC991A900113B9C /* ZHYColorTransformer.m in Sources */,
				D2AF24971ECAF3ED00113B9C /* ZHYResourceCenter.m in Sources */,
				D2909BC0204FE3AD00C8546D /* ZHYResourceBundle.m in Sources */,
				D2AF24881EC991B300113B9C /* ZHYImageTransformer.m in Sources */,
				D28F0A701EC2C2F2007B1408 /* main.m in Sources */,
				D2AF24861EC9919B00113B9C /* ZHYResourceWrapper.m in Sources */,
				D2BD15771ED3DB13009FADEA /* NSFont+ZHYAttributes.m in Sources */,
				D2BD158A1ED5720B009FADEA /* ZHYImageListWindowController.m in Sources */,
				D2AF7EB31ED2EBC400BA2F13 /* ZHYFontTransformer.m in Sources */,
				D2AF249B1ECAF40300113B9C /* ZHYResourceMap.m in Sources */,
				D28F0A6D1EC2C2F2007B1408 /* AppDelegate.m in Sources */,
				D28F0AA81EC30854007B1408 /* ZHYLogger.m in Sources */,
				D28F0AA71EC30796007B1408 /* NSColor+ZHYHex.m in Sources */,
				D2BD15811ED42400009FADEA /* ZHYColorView.m in Sources */,
				D2D5C7BE1ECED894000C6B1D /* ZHYColorWindowController.m in Sources */,
				D28F0A951EC2F0C4007B1408 /* ZHYFontWindowController.m in Sources */,
				D2AF24851EC9919100113B9C /* ZHYColorWrapper.m in Sources */,
				D2BD15851ED42C7E009FADEA /* ZHYFontListWindowController.m in Sources */,
				D2909BB6204FDB5B00C8546D /* ZHYBundleWindowController.m in Sources */,
				D2909BC1204FE3CE00C8546D /* ZHYResourceContainer.m in Sources */,
				D2AF24891EC991B600113B9C /* ZHYImageWrapper.m in Sources */,
				D2AF248D1EC991C100113B9C /* ZHYResourceManager.m in Sources */,
				D2BD157D1ED421EA009FADEA /* ZHYColorListWindowController.m in Sources */,
				D290E1671ECD7EDC00ABB9AD /* ZHYBundleLoader.m in Sources */,
				D2AF7EB11ED2EBBB00BA2F13 /* ZHYFontWrapper.m in Sources */,
				D2AF24831EC98D3100113B9C /* ZHYImageSearcher.m in Sources */,
				D28F0AAD1EC3155B007B1408 /* ZHYImageWindowController.m in Sources */,
				D2AF249A1ECAF3F900113B9C /* ZHYResourceNode.m in Sources */,
			);
			runOnlyForDeploymentPostprocessing = 0;
		};
		D2CDA35F1EBC71760085F997 /* Sources */ = {
			isa = PBXSourcesBuildPhase;
			buildActionMask = 2147483647;
			files = (
				D284C6DC1EC5B70200FB15CB /* ZHYFontTransformer.m in Sources */,
				D2AF24801EC983D600113B9C /* ZHYImageSearcher.m in Sources */,
				D2CDA38A1EBC7BBF0085F997 /* ZHYResourceCenter.m in Sources */,
				D2CDA3B71EBC85E40085F997 /* ZHYResourceNode.m in Sources */,
				D2CDA3861EBC7B290085F997 /* ZHYResourceManager.m in Sources */,
				D28F0A1A1EC16B77007B1408 /* NSColor+ZHYHex.m in Sources */,
				D28F0A091EC161C1007B1408 /* ZHYFontWrapper.m in Sources */,
				D28F0A0D1EC16421007B1408 /* ZHYColorWrapper.m in Sources */,
				D2AF247A1EC94F6F00113B9C /* ZHYImageTransformer.m in Sources */,
				D204F1B21ECC393900D470ED /* NSFont+ZHYAttributes.m in Sources */,
				D266DC6E20464FE5009CB1AE /* ZHYResourceContainer.m in Sources */,
				D2A005D51EC0607A000A272C /* ZHYLogger.m in Sources */,
				D29C57F62043F63A0015F0A9 /* ZHYResourceBundle.m in Sources */,
				D284C6C81EC5956D00FB15CB /* ZHYResourceWrapper.m in Sources */,
				D2AF24921EC9AFED00113B9C /* ZHYResourceMap.m in Sources */,
				D28F0A561EC1B271007B1408 /* ZHYImageWrapper.m in Sources */,
				D284C6CF1EC5A2D300FB15CB /* ZHYColorTransformer.m in Sources */,
			);
			runOnlyForDeploymentPostprocessing = 0;
		};
		D2CDA3751EBC72150085F997 /* Sources */ = {
			isa = PBXSourcesBuildPhase;
			buildActionMask = 2147483647;
			files = (
				D2AF248C1EC991C100113B9C /* ZHYResourceManager.m in Sources */,
				D2AF24991ECAF3F900113B9C /* ZHYResourceNode.m in Sources */,
				D28F0A1E1EC1725B007B1408 /* UIColor+ZHYHex.m in Sources */,
				D2AF247B1EC950A300113B9C /* ZHYImageTransformer.m in Sources */,
				D2AF7EB21ED2EBBC00BA2F13 /* ZHYFontWrapper.m in Sources */,
				D284C6DE1EC5B76400FB15CB /* ZHYFontTransformer.m in Sources */,
				D284C6D21EC5A4F100FB15CB /* ZHYColorWrapper.m in Sources */,
				D266DC7020464FF6009CB1AE /* ZHYResourceContainer.m in Sources */,
				D284C6CA1EC5959700FB15CB /* ZHYResourceWrapper.m in Sources */,
				D2AF24961ECAF3EC00113B9C /* ZHYResourceCenter.m in Sources */,
				D284C6D11EC5A35000FB15CB /* ZHYColorTransformer.m in Sources */,
				D2AF24821EC983FC00113B9C /* ZHYImageSearcher.m in Sources */,
				D28F0A541EC1B206007B1408 /* ZHYImageWrapper.m in Sources */,
				D204F1B61ECC3B1900D470ED /* UIFont+ZHYAttributes.m in Sources */,
				D2AF24941ECAE18300113B9C /* ZHYResourceMap.m in Sources */,
				D29C57F72043F6930015F0A9 /* ZHYResourceBundle.m in Sources */,
			);
			runOnlyForDeploymentPostprocessing = 0;
		};
		D2CDA3BA1EBC88E30085F997 /* Sources */ = {
			isa = PBXSourcesBuildPhase;
			buildActionMask = 2147483647;
			files = (
				D2CDA3C11EBC88E30085F997 /* ZHYResourceKitForMacTests.m in Sources */,
				D28F0A4A1EC1AE7A007B1408 /* ZHYColorWrapperTest.m in Sources */,
				D28F0A641EC2BE6F007B1408 /* ZHYFontWrapperTest.m in Sources */,
			);
			runOnlyForDeploymentPostprocessing = 0;
		};
		D2CDA3C91EBC891F0085F997 /* Sources */ = {
			isa = PBXSourcesBuildPhase;
			buildActionMask = 2147483647;
			files = (
				D2CDA3D01EBC891F0085F997 /* ZHYResourceKitForiOSTests.m in Sources */,
			);
			runOnlyForDeploymentPostprocessing = 0;
		};
/* End PBXSourcesBuildPhase section */

/* Begin PBXTargetDependency section */
		D2CDA3C51EBC88E30085F997 /* PBXTargetDependency */ = {
			isa = PBXTargetDependency;
			target = D2CDA3631EBC71760085F997 /* ZHYResourceKitForMac */;
			targetProxy = D2CDA3C41EBC88E30085F997 /* PBXContainerItemProxy */;
		};
		D2CDA3D41EBC891F0085F997 /* PBXTargetDependency */ = {
			isa = PBXTargetDependency;
			target = D2CDA3791EBC72150085F997 /* ZHYResourceKitForiOS */;
			targetProxy = D2CDA3D31EBC891F0085F997 /* PBXContainerItemProxy */;
		};
/* End PBXTargetDependency section */

/* Begin XCBuildConfiguration section */
		D28F0A7B1EC2C2F2007B1408 /* Debug */ = {
			isa = XCBuildConfiguration;
			buildSettings = {
				ASSETCATALOG_COMPILER_APPICON_NAME = AppIcon;
				COMBINE_HIDPI_IMAGES = YES;
				INFOPLIST_FILE = ZHYResourceDesigner/Info.plist;
				LD_RUNPATH_SEARCH_PATHS = "$(inherited) @executable_path/../Frameworks";
				PRODUCT_BUNDLE_IDENTIFIER = ZHY.ZHYResourceDesigner;
				PRODUCT_NAME = "$(TARGET_NAME)";
			};
			name = Debug;
		};
		D28F0A7C1EC2C2F2007B1408 /* Release */ = {
			isa = XCBuildConfiguration;
			buildSettings = {
				ASSETCATALOG_COMPILER_APPICON_NAME = AppIcon;
				COMBINE_HIDPI_IMAGES = YES;
				INFOPLIST_FILE = ZHYResourceDesigner/Info.plist;
				LD_RUNPATH_SEARCH_PATHS = "$(inherited) @executable_path/../Frameworks";
				PRODUCT_BUNDLE_IDENTIFIER = ZHY.ZHYResourceDesigner;
				PRODUCT_NAME = "$(TARGET_NAME)";
			};
			name = Release;
		};
		D2CDA36A1EBC71760085F997 /* Debug */ = {
			isa = XCBuildConfiguration;
			buildSettings = {
				ALWAYS_SEARCH_USER_PATHS = NO;
				CLANG_ANALYZER_NONNULL = YES;
				CLANG_ANALYZER_NUMBER_OBJECT_CONVERSION = YES_AGGRESSIVE;
				CLANG_ANALYZER_OBJC_SELF_INIT = YES;
				CLANG_CXX_LANGUAGE_STANDARD = "gnu++0x";
				CLANG_CXX_LIBRARY = "libc++";
				CLANG_ENABLE_MODULES = YES;
				CLANG_ENABLE_OBJC_ARC = YES;
				CLANG_WARN_BOOL_CONVERSION = YES;
				CLANG_WARN_CONSTANT_CONVERSION = YES;
				CLANG_WARN_DIRECT_OBJC_ISA_USAGE = YES_ERROR;
				CLANG_WARN_DOCUMENTATION_COMMENTS = YES;
				CLANG_WARN_EMPTY_BODY = YES;
				CLANG_WARN_ENUM_CONVERSION = YES;
				CLANG_WARN_INFINITE_RECURSION = YES;
				CLANG_WARN_INT_CONVERSION = YES;
				CLANG_WARN_OBJC_ROOT_CLASS = YES_ERROR;
				CLANG_WARN_SUSPICIOUS_MOVE = YES;
				CLANG_WARN_UNREACHABLE_CODE = YES;
				CLANG_WARN__DUPLICATE_METHOD_MATCH = YES;
				CODE_SIGN_IDENTITY = "-";
				COPY_PHASE_STRIP = NO;
				CURRENT_PROJECT_VERSION = 1;
				DEBUG_INFORMATION_FORMAT = dwarf;
				ENABLE_STRICT_OBJC_MSGSEND = YES;
				ENABLE_TESTABILITY = YES;
				GCC_C_LANGUAGE_STANDARD = gnu99;
				GCC_DYNAMIC_NO_PIC = NO;
				GCC_NO_COMMON_BLOCKS = YES;
				GCC_OPTIMIZATION_LEVEL = 0;
				GCC_PREPROCESSOR_DEFINITIONS = (
					"DEBUG=1",
					"$(inherited)",
				);
				GCC_WARN_64_TO_32_BIT_CONVERSION = YES;
				GCC_WARN_ABOUT_RETURN_TYPE = YES_ERROR;
				GCC_WARN_UNDECLARED_SELECTOR = YES;
				GCC_WARN_UNINITIALIZED_AUTOS = YES_AGGRESSIVE;
				GCC_WARN_UNUSED_FUNCTION = YES;
				GCC_WARN_UNUSED_VARIABLE = YES;
				MACOSX_DEPLOYMENT_TARGET = 10.12;
				MTL_ENABLE_DEBUG_INFO = YES;
				ONLY_ACTIVE_ARCH = YES;
				SDKROOT = macosx;
				VERSIONING_SYSTEM = "apple-generic";
				VERSION_INFO_PREFIX = "";
			};
			name = Debug;
		};
		D2CDA36B1EBC71760085F997 /* Release */ = {
			isa = XCBuildConfiguration;
			buildSettings = {
				ALWAYS_SEARCH_USER_PATHS = NO;
				CLANG_ANALYZER_NONNULL = YES;
				CLANG_ANALYZER_NUMBER_OBJECT_CONVERSION = YES_AGGRESSIVE;
				CLANG_ANALYZER_OBJC_SELF_INIT = YES;
				CLANG_CXX_LANGUAGE_STANDARD = "gnu++0x";
				CLANG_CXX_LIBRARY = "libc++";
				CLANG_ENABLE_MODULES = YES;
				CLANG_ENABLE_OBJC_ARC = YES;
				CLANG_WARN_BOOL_CONVERSION = YES;
				CLANG_WARN_CONSTANT_CONVERSION = YES;
				CLANG_WARN_DIRECT_OBJC_ISA_USAGE = YES_ERROR;
				CLANG_WARN_DOCUMENTATION_COMMENTS = YES;
				CLANG_WARN_EMPTY_BODY = YES;
				CLANG_WARN_ENUM_CONVERSION = YES;
				CLANG_WARN_INFINITE_RECURSION = YES;
				CLANG_WARN_INT_CONVERSION = YES;
				CLANG_WARN_OBJC_ROOT_CLASS = YES_ERROR;
				CLANG_WARN_SUSPICIOUS_MOVE = YES;
				CLANG_WARN_UNREACHABLE_CODE = YES;
				CLANG_WARN__DUPLICATE_METHOD_MATCH = YES;
				CODE_SIGN_IDENTITY = "-";
				COPY_PHASE_STRIP = NO;
				CURRENT_PROJECT_VERSION = 1;
				DEBUG_INFORMATION_FORMAT = "dwarf-with-dsym";
				ENABLE_NS_ASSERTIONS = NO;
				ENABLE_STRICT_OBJC_MSGSEND = YES;
				GCC_C_LANGUAGE_STANDARD = gnu99;
				GCC_NO_COMMON_BLOCKS = YES;
				GCC_WARN_64_TO_32_BIT_CONVERSION = YES;
				GCC_WARN_ABOUT_RETURN_TYPE = YES_ERROR;
				GCC_WARN_UNDECLARED_SELECTOR = YES;
				GCC_WARN_UNINITIALIZED_AUTOS = YES_AGGRESSIVE;
				GCC_WARN_UNUSED_FUNCTION = YES;
				GCC_WARN_UNUSED_VARIABLE = YES;
				MACOSX_DEPLOYMENT_TARGET = 10.12;
				MTL_ENABLE_DEBUG_INFO = NO;
				SDKROOT = macosx;
				VERSIONING_SYSTEM = "apple-generic";
				VERSION_INFO_PREFIX = "";
			};
			name = Release;
		};
		D2CDA36D1EBC71760085F997 /* Debug */ = {
			isa = XCBuildConfiguration;
			buildSettings = {
				CLANG_ANALYZER_OBJC_SELF_INIT = YES;
				CODE_SIGN_IDENTITY = "";
				COMBINE_HIDPI_IMAGES = YES;
				DEFINES_MODULE = YES;
				DEVELOPMENT_TEAM = 24QJT553GT;
				DYLIB_COMPATIBILITY_VERSION = 1;
				DYLIB_CURRENT_VERSION = 1;
				DYLIB_INSTALL_NAME_BASE = "@rpath";
				FRAMEWORK_VERSION = A;
				INFOPLIST_FILE = ZHYResourceKitForMac/Info.plist;
				INSTALL_PATH = "$(LOCAL_LIBRARY_DIR)/Frameworks";
				LD_RUNPATH_SEARCH_PATHS = "$(inherited) @executable_path/../Frameworks @loader_path/Frameworks";
				MACOSX_DEPLOYMENT_TARGET = 10.8;
				PRODUCT_BUNDLE_IDENTIFIER = ZHY.ZHYResourceKit;
				PRODUCT_NAME = "$(TARGET_NAME)";
				SKIP_INSTALL = YES;
			};
			name = Debug;
		};
		D2CDA36E1EBC71760085F997 /* Release */ = {
			isa = XCBuildConfiguration;
			buildSettings = {
				CLANG_ANALYZER_OBJC_SELF_INIT = YES;
				CODE_SIGN_IDENTITY = "";
				COMBINE_HIDPI_IMAGES = YES;
				DEFINES_MODULE = YES;
				DEVELOPMENT_TEAM = 24QJT553GT;
				DYLIB_COMPATIBILITY_VERSION = 1;
				DYLIB_CURRENT_VERSION = 1;
				DYLIB_INSTALL_NAME_BASE = "@rpath";
				FRAMEWORK_VERSION = A;
				INFOPLIST_FILE = ZHYResourceKitForMac/Info.plist;
				INSTALL_PATH = "$(LOCAL_LIBRARY_DIR)/Frameworks";
				LD_RUNPATH_SEARCH_PATHS = "$(inherited) @executable_path/../Frameworks @loader_path/Frameworks";
				MACOSX_DEPLOYMENT_TARGET = 10.8;
				PRODUCT_BUNDLE_IDENTIFIER = ZHY.ZHYResourceKit;
				PRODUCT_NAME = "$(TARGET_NAME)";
				SKIP_INSTALL = YES;
			};
			name = Release;
		};
		D2CDA3801EBC72150085F997 /* Debug */ = {
			isa = XCBuildConfiguration;
			buildSettings = {
				CODE_SIGN_IDENTITY = "";
				"CODE_SIGN_IDENTITY[sdk=iphoneos*]" = "iPhone Developer";
				DEFINES_MODULE = YES;
				DEVELOPMENT_TEAM = 24QJT553GT;
				DYLIB_COMPATIBILITY_VERSION = 1;
				DYLIB_CURRENT_VERSION = 1;
				DYLIB_INSTALL_NAME_BASE = "@rpath";
				INFOPLIST_FILE = ZHYResourceKitForiOS/Info.plist;
				INSTALL_PATH = "$(LOCAL_LIBRARY_DIR)/Frameworks";
				IPHONEOS_DEPLOYMENT_TARGET = 8.0;
				LD_RUNPATH_SEARCH_PATHS = "$(inherited) @executable_path/Frameworks @loader_path/Frameworks";
				PRODUCT_BUNDLE_IDENTIFIER = ZHY.ZHYResourceKitForiOS;
				PRODUCT_NAME = "$(TARGET_NAME)";
				SDKROOT = iphoneos;
				SKIP_INSTALL = YES;
				TARGETED_DEVICE_FAMILY = "1,2";
			};
			name = Debug;
		};
		D2CDA3811EBC72150085F997 /* Release */ = {
			isa = XCBuildConfiguration;
			buildSettings = {
				CODE_SIGN_IDENTITY = "";
				"CODE_SIGN_IDENTITY[sdk=iphoneos*]" = "iPhone Developer";
				DEFINES_MODULE = YES;
				DEVELOPMENT_TEAM = 24QJT553GT;
				DYLIB_COMPATIBILITY_VERSION = 1;
				DYLIB_CURRENT_VERSION = 1;
				DYLIB_INSTALL_NAME_BASE = "@rpath";
				INFOPLIST_FILE = ZHYResourceKitForiOS/Info.plist;
				INSTALL_PATH = "$(LOCAL_LIBRARY_DIR)/Frameworks";
				IPHONEOS_DEPLOYMENT_TARGET = 8.0;
				LD_RUNPATH_SEARCH_PATHS = "$(inherited) @executable_path/Frameworks @loader_path/Frameworks";
				PRODUCT_BUNDLE_IDENTIFIER = ZHY.ZHYResourceKitForiOS;
				PRODUCT_NAME = "$(TARGET_NAME)";
				SDKROOT = iphoneos;
				SKIP_INSTALL = YES;
				TARGETED_DEVICE_FAMILY = "1,2";
				VALIDATE_PRODUCT = YES;
			};
			name = Release;
		};
		D2CDA3C71EBC88E30085F997 /* Debug */ = {
			isa = XCBuildConfiguration;
			buildSettings = {
				COMBINE_HIDPI_IMAGES = YES;
				DEVELOPMENT_TEAM = 24QJT553GT;
				INFOPLIST_FILE = ZHYResourceKitForMacTests/Info.plist;
				LD_RUNPATH_SEARCH_PATHS = "$(inherited) @executable_path/../Frameworks @loader_path/../Frameworks";
				PRODUCT_BUNDLE_IDENTIFIER = ZHY.ZHYResourceKitForMacTests;
				PRODUCT_NAME = "$(TARGET_NAME)";
			};
			name = Debug;
		};
		D2CDA3C81EBC88E30085F997 /* Release */ = {
			isa = XCBuildConfiguration;
			buildSettings = {
				COMBINE_HIDPI_IMAGES = YES;
				DEVELOPMENT_TEAM = 24QJT553GT;
				INFOPLIST_FILE = ZHYResourceKitForMacTests/Info.plist;
				LD_RUNPATH_SEARCH_PATHS = "$(inherited) @executable_path/../Frameworks @loader_path/../Frameworks";
				PRODUCT_BUNDLE_IDENTIFIER = ZHY.ZHYResourceKitForMacTests;
				PRODUCT_NAME = "$(TARGET_NAME)";
			};
			name = Release;
		};
		D2CDA3D61EBC891F0085F997 /* Debug */ = {
			isa = XCBuildConfiguration;
			buildSettings = {
				"CODE_SIGN_IDENTITY[sdk=iphoneos*]" = "iPhone Developer";
				DEVELOPMENT_TEAM = 24QJT553GT;
				INFOPLIST_FILE = ZHYResourceKitForiOSTests/Info.plist;
				IPHONEOS_DEPLOYMENT_TARGET = 10.3;
				LD_RUNPATH_SEARCH_PATHS = "$(inherited) @executable_path/Frameworks @loader_path/Frameworks";
				PRODUCT_BUNDLE_IDENTIFIER = ZHY.ZHYResourceKitForiOSTests;
				PRODUCT_NAME = "$(TARGET_NAME)";
				SDKROOT = iphoneos;
			};
			name = Debug;
		};
		D2CDA3D71EBC891F0085F997 /* Release */ = {
			isa = XCBuildConfiguration;
			buildSettings = {
				"CODE_SIGN_IDENTITY[sdk=iphoneos*]" = "iPhone Developer";
				DEVELOPMENT_TEAM = 24QJT553GT;
				INFOPLIST_FILE = ZHYResourceKitForiOSTests/Info.plist;
				IPHONEOS_DEPLOYMENT_TARGET = 10.3;
				LD_RUNPATH_SEARCH_PATHS = "$(inherited) @executable_path/Frameworks @loader_path/Frameworks";
				PRODUCT_BUNDLE_IDENTIFIER = ZHY.ZHYResourceKitForiOSTests;
				PRODUCT_NAME = "$(TARGET_NAME)";
				SDKROOT = iphoneos;
				VALIDATE_PRODUCT = YES;
			};
			name = Release;
		};
/* End XCBuildConfiguration section */

/* Begin XCConfigurationList section */
		D28F0A7A1EC2C2F2007B1408 /* Build configuration list for PBXNativeTarget "ZHYResourceDesigner" */ = {
			isa = XCConfigurationList;
			buildConfigurations = (
				D28F0A7B1EC2C2F2007B1408 /* Debug */,
				D28F0A7C1EC2C2F2007B1408 /* Release */,
			);
			defaultConfigurationIsVisible = 0;
			defaultConfigurationName = Release;
		};
		D2CDA35E1EBC71760085F997 /* Build configuration list for PBXProject "ZHYResourceKit" */ = {
			isa = XCConfigurationList;
			buildConfigurations = (
				D2CDA36A1EBC71760085F997 /* Debug */,
				D2CDA36B1EBC71760085F997 /* Release */,
			);
			defaultConfigurationIsVisible = 0;
			defaultConfigurationName = Release;
		};
		D2CDA36C1EBC71760085F997 /* Build configuration list for PBXNativeTarget "ZHYResourceKitForMac" */ = {
			isa = XCConfigurationList;
			buildConfigurations = (
				D2CDA36D1EBC71760085F997 /* Debug */,
				D2CDA36E1EBC71760085F997 /* Release */,
			);
			defaultConfigurationIsVisible = 0;
			defaultConfigurationName = Release;
		};
		D2CDA37F1EBC72150085F997 /* Build configuration list for PBXNativeTarget "ZHYResourceKitForiOS" */ = {
			isa = XCConfigurationList;
			buildConfigurations = (
				D2CDA3801EBC72150085F997 /* Debug */,
				D2CDA3811EBC72150085F997 /* Release */,
			);
			defaultConfigurationIsVisible = 0;
			defaultConfigurationName = Release;
		};
		D2CDA3C61EBC88E30085F997 /* Build configuration list for PBXNativeTarget "ZHYResourceKitForMacTests" */ = {
			isa = XCConfigurationList;
			buildConfigurations = (
				D2CDA3C71EBC88E30085F997 /* Debug */,
				D2CDA3C81EBC88E30085F997 /* Release */,
			);
			defaultConfigurationIsVisible = 0;
			defaultConfigurationName = Release;
		};
		D2CDA3D51EBC891F0085F997 /* Build configuration list for PBXNativeTarget "ZHYResourceKitForiOSTests" */ = {
			isa = XCConfigurationList;
			buildConfigurations = (
				D2CDA3D61EBC891F0085F997 /* Debug */,
				D2CDA3D71EBC891F0085F997 /* Release */,
			);
			defaultConfigurationIsVisible = 0;
			defaultConfigurationName = Release;
		};
/* End XCConfigurationList section */
	};
	rootObject = D2CDA35B1EBC71760085F997 /* Project object */;
}
